// !$*UTF8*$!
{
	archiveVersion = 1;
	classes = {
	};
	objectVersion = 56;
	objects = {

/* Begin PBXBuildFile section */
		0D0240242961B5170082287B /* MainItemTableViewCell.swift in Sources */ = {isa = PBXBuildFile; fileRef = 0D0240232961B5170082287B /* MainItemTableViewCell.swift */; };
		0D0240282961B6660082287B /* NibCapable+Extension.swift in Sources */ = {isa = PBXBuildFile; fileRef = 0D0240272961B6660082287B /* NibCapable+Extension.swift */; };
		0D02402A2961B69F0082287B /* MainItemView.swift in Sources */ = {isa = PBXBuildFile; fileRef = 0D0240292961B69F0082287B /* MainItemView.swift */; };
		0D02402C2961B8EE0082287B /* UIImage+Extension.swift in Sources */ = {isa = PBXBuildFile; fileRef = 0D02402B2961B8EE0082287B /* UIImage+Extension.swift */; };
		0D02402E2961B9110082287B /* ImageNameType.swift in Sources */ = {isa = PBXBuildFile; fileRef = 0D02402D2961B9110082287B /* ImageNameType.swift */; };
		0D0240302961DF270082287B /* UITableView+Extension.swift in Sources */ = {isa = PBXBuildFile; fileRef = 0D02402F2961DF270082287B /* UITableView+Extension.swift */; };
		0D024032296209D20082287B /* ContainerTableView.swift in Sources */ = {isa = PBXBuildFile; fileRef = 0D024031296209D20082287B /* ContainerTableView.swift */; };
		0D024034296219BB0082287B /* UIScrollView+Extension.swift in Sources */ = {isa = PBXBuildFile; fileRef = 0D024033296219BB0082287B /* UIScrollView+Extension.swift */; };
		0D024036296219F80082287B /* DirectionType.swift in Sources */ = {isa = PBXBuildFile; fileRef = 0D024035296219F80082287B /* DirectionType.swift */; };
		0D024038296305B10082287B /* ClimateType.swift in Sources */ = {isa = PBXBuildFile; fileRef = 0D024037296305B10082287B /* ClimateType.swift */; };
		0D02403A296310760082287B /* StarShipModelType.swift in Sources */ = {isa = PBXBuildFile; fileRef = 0D024039296310760082287B /* StarShipModelType.swift */; };
		0D0FF0962A1417EC00347904 /* CacheDataManager.swift in Sources */ = {isa = PBXBuildFile; fileRef = 0D0FF0952A1417EC00347904 /* CacheDataManager.swift */; };
		0D0FF0982A14AFF200347904 /* FilmModel.swift in Sources */ = {isa = PBXBuildFile; fileRef = 0D0FF0972A14AFF200347904 /* FilmModel.swift */; };
		0D0FF09A2A14B2B300347904 /* FilmType.swift in Sources */ = {isa = PBXBuildFile; fileRef = 0D0FF0992A14B2B300347904 /* FilmType.swift */; };
		0D14412A2A13BAB90063C3EE /* NSAttributedString+Extension.swift in Sources */ = {isa = PBXBuildFile; fileRef = 0D1441292A13BAB90063C3EE /* NSAttributedString+Extension.swift */; };
		0D299414295A2A990067ABC2 /* AppDelegate.swift in Sources */ = {isa = PBXBuildFile; fileRef = 0D299413295A2A990067ABC2 /* AppDelegate.swift */; };
		0D29941D295A2A9C0067ABC2 /* Assets.xcassets in Resources */ = {isa = PBXBuildFile; fileRef = 0D29941C295A2A9C0067ABC2 /* Assets.xcassets */; };
		0D299420295A2A9C0067ABC2 /* LaunchScreen.storyboard in Resources */ = {isa = PBXBuildFile; fileRef = 0D29941E295A2A9C0067ABC2 /* LaunchScreen.storyboard */; };
		0D72205F29674E2700FB7402 /* UIViewController+Extension.swift in Sources */ = {isa = PBXBuildFile; fileRef = 0D72205E29674E2700FB7402 /* UIViewController+Extension.swift */; };
		0D7220652967639400FB7402 /* DescriptionTableViewCell.swift in Sources */ = {isa = PBXBuildFile; fileRef = 0D7220642967639400FB7402 /* DescriptionTableViewCell.swift */; };
		0D8AE62B2A1625EB0062E9BE /* CoordinatorProtocol.swift in Sources */ = {isa = PBXBuildFile; fileRef = 0D8AE62A2A1625EB0062E9BE /* CoordinatorProtocol.swift */; };
		0D8AE62D2A1626D20062E9BE /* OnboardingCoordinator.swift in Sources */ = {isa = PBXBuildFile; fileRef = 0D8AE62C2A1626D20062E9BE /* OnboardingCoordinator.swift */; };
		0D8AE62F2A16280C0062E9BE /* OnboardingViewModel.swift in Sources */ = {isa = PBXBuildFile; fileRef = 0D8AE62E2A16280C0062E9BE /* OnboardingViewModel.swift */; };
		0D8AE6312A162FE00062E9BE /* ImageAndTwoButtonView.swift in Sources */ = {isa = PBXBuildFile; fileRef = 0D8AE6302A162FE00062E9BE /* ImageAndTwoButtonView.swift */; };
		0D8AE6332A1631810062E9BE /* OnboardingModel.swift in Sources */ = {isa = PBXBuildFile; fileRef = 0D8AE6322A1631810062E9BE /* OnboardingModel.swift */; };
		0D9255EF2A091DE400924943 /* UIColor+Extension.swift in Sources */ = {isa = PBXBuildFile; fileRef = 0D9255EE2A091DE400924943 /* UIColor+Extension.swift */; };
		0D9255F22A091E4500924943 /* TabBarManager.swift in Sources */ = {isa = PBXBuildFile; fileRef = 0D9255F12A091E4500924943 /* TabBarManager.swift */; };
		0D9255F42A091EA400924943 /* Tab.swift in Sources */ = {isa = PBXBuildFile; fileRef = 0D9255F32A091EA400924943 /* Tab.swift */; };
		0D9255F72A091F6400924943 /* CustomTabBarView.swift in Sources */ = {isa = PBXBuildFile; fileRef = 0D9255F62A091F6400924943 /* CustomTabBarView.swift */; };
		0D9255F92A09216800924943 /* TabBarItemView.swift in Sources */ = {isa = PBXBuildFile; fileRef = 0D9255F82A09216800924943 /* TabBarItemView.swift */; };
		0D9255FB2A09222A00924943 /* TabBarItemViewModel.swift in Sources */ = {isa = PBXBuildFile; fileRef = 0D9255FA2A09222A00924943 /* TabBarItemViewModel.swift */; };
		0D9255FD2A0922CC00924943 /* TabBarItemViewController.swift in Sources */ = {isa = PBXBuildFile; fileRef = 0D9255FC2A0922CC00924943 /* TabBarItemViewController.swift */; };
		0D9255FF2A09238500924943 /* FilterType.swift in Sources */ = {isa = PBXBuildFile; fileRef = 0D9255FE2A09238500924943 /* FilterType.swift */; };
		0D9256012A09255500924943 /* Sections.swift in Sources */ = {isa = PBXBuildFile; fileRef = 0D9256002A09255500924943 /* Sections.swift */; };
		0D92965C2A1643DA00136DC3 /* MainTabBarCoordinator.swift in Sources */ = {isa = PBXBuildFile; fileRef = 0D92965B2A1643DA00136DC3 /* MainTabBarCoordinator.swift */; };
		0D92965E2A16452300136DC3 /* TabBarItemCoordinator.swift in Sources */ = {isa = PBXBuildFile; fileRef = 0D92965D2A16452300136DC3 /* TabBarItemCoordinator.swift */; };
		0D9296602A164AAF00136DC3 /* DescriptionCoordinator.swift in Sources */ = {isa = PBXBuildFile; fileRef = 0D92965F2A164AAF00136DC3 /* DescriptionCoordinator.swift */; };
		0D9B71CA29E7F4480051262E /* OnboardingViewController.swift in Sources */ = {isa = PBXBuildFile; fileRef = 0D9B71C929E7F4480051262E /* OnboardingViewController.swift */; };
		0D9B71CF29E7F4CA0051262E /* MainTabBarController.swift in Sources */ = {isa = PBXBuildFile; fileRef = 0D9B71CE29E7F4CA0051262E /* MainTabBarController.swift */; };
		0D9B71D229E7F5740051262E /* UserDefaultsWrapper.swift in Sources */ = {isa = PBXBuildFile; fileRef = 0D9B71D129E7F5740051262E /* UserDefaultsWrapper.swift */; };
		0D9B71D429E7F5990051262E /* UserDefaultsKeys.swift in Sources */ = {isa = PBXBuildFile; fileRef = 0D9B71D329E7F5990051262E /* UserDefaultsKeys.swift */; };
		0D9B71D929E7FB680051262E /* OnboardingView.swift in Sources */ = {isa = PBXBuildFile; fileRef = 0D9B71D829E7FB680051262E /* OnboardingView.swift */; };
		0D9B71DC29E804180051262E /* UIButton+Extension.swift in Sources */ = {isa = PBXBuildFile; fileRef = 0D9B71DB29E804180051262E /* UIButton+Extension.swift */; };
		0DA0CEFF295B7FEF00B25061 /* StarWarsCellModel.swift in Sources */ = {isa = PBXBuildFile; fileRef = 0DA0CEFE295B7FEF00B25061 /* StarWarsCellModel.swift */; };
		0DA0CF06295B87D900B25061 /* UIView+Extension.swift in Sources */ = {isa = PBXBuildFile; fileRef = 0DA0CF05295B87D900B25061 /* UIView+Extension.swift */; };
		0DA0CF08295C8F9D00B25061 /* UIStackView+Extension.swift in Sources */ = {isa = PBXBuildFile; fileRef = 0DA0CF07295C8F9D00B25061 /* UIStackView+Extension.swift */; };
		0DA0CF0E295C904C00B25061 /* UIFont+Extension.swift in Sources */ = {isa = PBXBuildFile; fileRef = 0DA0CF0D295C904C00B25061 /* UIFont+Extension.swift */; };
		0DA0CF10295C912200B25061 /* Montserrat-Black.ttf in Resources */ = {isa = PBXBuildFile; fileRef = 0DA0CF0F295C912200B25061 /* Montserrat-Black.ttf */; };
		0DA0CF12295C913200B25061 /* Montserrat-Bold.ttf in Resources */ = {isa = PBXBuildFile; fileRef = 0DA0CF11295C913100B25061 /* Montserrat-Bold.ttf */; };
		0DA0CF14295C913C00B25061 /* Montserrat-ExtraBold.ttf in Resources */ = {isa = PBXBuildFile; fileRef = 0DA0CF13295C913C00B25061 /* Montserrat-ExtraBold.ttf */; };
		0DA0CF16295C914C00B25061 /* Montserrat-Regular.ttf in Resources */ = {isa = PBXBuildFile; fileRef = 0DA0CF15295C914C00B25061 /* Montserrat-Regular.ttf */; };
		0DA0CF18295C915B00B25061 /* Montserrat-SemiBold.ttf in Resources */ = {isa = PBXBuildFile; fileRef = 0DA0CF17295C915B00B25061 /* Montserrat-SemiBold.ttf */; };
		0DA0CF1D295CC28800B25061 /* NetworkRequestManager.swift in Sources */ = {isa = PBXBuildFile; fileRef = 0DA0CF1C295CC28800B25061 /* NetworkRequestManager.swift */; };
		0DA0CF1F295CC33000B25061 /* ApiError.swift in Sources */ = {isa = PBXBuildFile; fileRef = 0DA0CF1E295CC33000B25061 /* ApiError.swift */; };
		0DA0CF22295CC41400B25061 /* StarWarsService.swift in Sources */ = {isa = PBXBuildFile; fileRef = 0DA0CF21295CC41400B25061 /* StarWarsService.swift */; };
		0DA0CF24295CC46500B25061 /* ApiRequest.swift in Sources */ = {isa = PBXBuildFile; fileRef = 0DA0CF23295CC46500B25061 /* ApiRequest.swift */; };
		0DA0CF26295CC49400B25061 /* EndPoint.swift in Sources */ = {isa = PBXBuildFile; fileRef = 0DA0CF25295CC49400B25061 /* EndPoint.swift */; };
		0DA0CF28295CC73500B25061 /* Dictionary+Extension.swift in Sources */ = {isa = PBXBuildFile; fileRef = 0DA0CF27295CC73500B25061 /* Dictionary+Extension.swift */; };
		0DA0CF2A295CC76000B25061 /* CharacterSet+Extension.swift in Sources */ = {isa = PBXBuildFile; fileRef = 0DA0CF29295CC75F00B25061 /* CharacterSet+Extension.swift */; };
		0DA0CF2C295CC8F600B25061 /* PeopleResponse.swift in Sources */ = {isa = PBXBuildFile; fileRef = 0DA0CF2B295CC8F600B25061 /* PeopleResponse.swift */; };
		0DA0CF2F295CCB2B00B25061 /* GenderType.swift in Sources */ = {isa = PBXBuildFile; fileRef = 0DA0CF2E295CCB2B00B25061 /* GenderType.swift */; };
		0DA0CF31295CCB5600B25061 /* PeopleModel.swift in Sources */ = {isa = PBXBuildFile; fileRef = 0DA0CF30295CCB5500B25061 /* PeopleModel.swift */; };
		0DA0CF33295CCD1A00B25061 /* PlanetsResponse.swift in Sources */ = {isa = PBXBuildFile; fileRef = 0DA0CF32295CCD1A00B25061 /* PlanetsResponse.swift */; };
		0DA0CF35295CCD8F00B25061 /* PlanetModel.swift in Sources */ = {isa = PBXBuildFile; fileRef = 0DA0CF34295CCD8F00B25061 /* PlanetModel.swift */; };
		0DA0CF37295CE25D00B25061 /* StarShipResponse.swift in Sources */ = {isa = PBXBuildFile; fileRef = 0DA0CF36295CE25C00B25061 /* StarShipResponse.swift */; };
		0DA0CF39295CE2D600B25061 /* StarShipModel.swift in Sources */ = {isa = PBXBuildFile; fileRef = 0DA0CF38295CE2D600B25061 /* StarShipModel.swift */; };
		0DE5D9972A0CBECD0099653E /* VehicleResponse.swift in Sources */ = {isa = PBXBuildFile; fileRef = 0DE5D9962A0CBECD0099653E /* VehicleResponse.swift */; };
		0DE5D9992A0CBEFB0099653E /* SpecieResponse.swift in Sources */ = {isa = PBXBuildFile; fileRef = 0DE5D9982A0CBEFB0099653E /* SpecieResponse.swift */; };
		0DE5D99B2A0CEA440099653E /* VehicleModel.swift in Sources */ = {isa = PBXBuildFile; fileRef = 0DE5D99A2A0CEA440099653E /* VehicleModel.swift */; };
		0DE5D99D2A0CEE6B0099653E /* RequestResponseProtocol.swift in Sources */ = {isa = PBXBuildFile; fileRef = 0DE5D99C2A0CEE6B0099653E /* RequestResponseProtocol.swift */; };
		0DE5D99F2A0CEFFE0099653E /* SpecieModel.swift in Sources */ = {isa = PBXBuildFile; fileRef = 0DE5D99E2A0CEFFE0099653E /* SpecieModel.swift */; };
		0DE5D9A12A0CF2CB0099653E /* ResponseModelProtocol.swift in Sources */ = {isa = PBXBuildFile; fileRef = 0DE5D9A02A0CF2CB0099653E /* ResponseModelProtocol.swift */; };
		0DE5D9A32A0CF4130099653E /* VehicleType.swift in Sources */ = {isa = PBXBuildFile; fileRef = 0DE5D9A22A0CF4130099653E /* VehicleType.swift */; };
		0DE5D9A52A0CF50D0099653E /* SpecieType.swift in Sources */ = {isa = PBXBuildFile; fileRef = 0DE5D9A42A0CF50D0099653E /* SpecieType.swift */; };
		0DEE48422A12227500E7FE67 /* DescriptionPopUpView.swift in Sources */ = {isa = PBXBuildFile; fileRef = 0DEE48412A12227500E7FE67 /* DescriptionPopUpView.swift */; };
		0DEE48442A1222D600E7FE67 /* DescriptionViewController.swift in Sources */ = {isa = PBXBuildFile; fileRef = 0DEE48432A1222D600E7FE67 /* DescriptionViewController.swift */; };
		0DEE48462A12248400E7FE67 /* DescriptionViewModel.swift in Sources */ = {isa = PBXBuildFile; fileRef = 0DEE48452A12248400E7FE67 /* DescriptionViewModel.swift */; };
		0DEE48492A12291700E7FE67 /* DownloadIndicatorView.swift in Sources */ = {isa = PBXBuildFile; fileRef = 0DEE48482A12291700E7FE67 /* DownloadIndicatorView.swift */; };
		0DEE484B2A122BDC00E7FE67 /* UINavigationBar+Extension.swift in Sources */ = {isa = PBXBuildFile; fileRef = 0DEE484A2A122BDC00E7FE67 /* UINavigationBar+Extension.swift */; };
		0DEE484D2A1235B900E7FE67 /* DescriptionView.swift in Sources */ = {isa = PBXBuildFile; fileRef = 0DEE484C2A1235B900E7FE67 /* DescriptionView.swift */; };
/* End PBXBuildFile section */

/* Begin PBXFileReference section */
		0D0240232961B5170082287B /* MainItemTableViewCell.swift */ = {isa = PBXFileReference; lastKnownFileType = sourcecode.swift; path = MainItemTableViewCell.swift; sourceTree = "<group>"; };
		0D0240272961B6660082287B /* NibCapable+Extension.swift */ = {isa = PBXFileReference; lastKnownFileType = sourcecode.swift; path = "NibCapable+Extension.swift"; sourceTree = "<group>"; };
		0D0240292961B69F0082287B /* MainItemView.swift */ = {isa = PBXFileReference; lastKnownFileType = sourcecode.swift; path = MainItemView.swift; sourceTree = "<group>"; };
		0D02402B2961B8EE0082287B /* UIImage+Extension.swift */ = {isa = PBXFileReference; lastKnownFileType = sourcecode.swift; path = "UIImage+Extension.swift"; sourceTree = "<group>"; };
		0D02402D2961B9110082287B /* ImageNameType.swift */ = {isa = PBXFileReference; lastKnownFileType = sourcecode.swift; path = ImageNameType.swift; sourceTree = "<group>"; };
		0D02402F2961DF270082287B /* UITableView+Extension.swift */ = {isa = PBXFileReference; lastKnownFileType = sourcecode.swift; path = "UITableView+Extension.swift"; sourceTree = "<group>"; };
		0D024031296209D20082287B /* ContainerTableView.swift */ = {isa = PBXFileReference; lastKnownFileType = sourcecode.swift; path = ContainerTableView.swift; sourceTree = "<group>"; };
		0D024033296219BB0082287B /* UIScrollView+Extension.swift */ = {isa = PBXFileReference; lastKnownFileType = sourcecode.swift; path = "UIScrollView+Extension.swift"; sourceTree = "<group>"; };
		0D024035296219F80082287B /* DirectionType.swift */ = {isa = PBXFileReference; lastKnownFileType = sourcecode.swift; path = DirectionType.swift; sourceTree = "<group>"; };
		0D024037296305B10082287B /* ClimateType.swift */ = {isa = PBXFileReference; lastKnownFileType = sourcecode.swift; path = ClimateType.swift; sourceTree = "<group>"; };
		0D024039296310760082287B /* StarShipModelType.swift */ = {isa = PBXFileReference; lastKnownFileType = sourcecode.swift; path = StarShipModelType.swift; sourceTree = "<group>"; };
		0D0FF0952A1417EC00347904 /* CacheDataManager.swift */ = {isa = PBXFileReference; lastKnownFileType = sourcecode.swift; path = CacheDataManager.swift; sourceTree = "<group>"; };
		0D0FF0972A14AFF200347904 /* FilmModel.swift */ = {isa = PBXFileReference; lastKnownFileType = sourcecode.swift; path = FilmModel.swift; sourceTree = "<group>"; };
		0D0FF0992A14B2B300347904 /* FilmType.swift */ = {isa = PBXFileReference; lastKnownFileType = sourcecode.swift; path = FilmType.swift; sourceTree = "<group>"; };
		0D1441292A13BAB90063C3EE /* NSAttributedString+Extension.swift */ = {isa = PBXFileReference; lastKnownFileType = sourcecode.swift; path = "NSAttributedString+Extension.swift"; sourceTree = "<group>"; };
		0D299410295A2A990067ABC2 /* StarWarsUniverse.app */ = {isa = PBXFileReference; explicitFileType = wrapper.application; includeInIndex = 0; path = StarWarsUniverse.app; sourceTree = BUILT_PRODUCTS_DIR; };
		0D299413295A2A990067ABC2 /* AppDelegate.swift */ = {isa = PBXFileReference; lastKnownFileType = sourcecode.swift; path = AppDelegate.swift; sourceTree = "<group>"; };
		0D29941C295A2A9C0067ABC2 /* Assets.xcassets */ = {isa = PBXFileReference; lastKnownFileType = folder.assetcatalog; path = Assets.xcassets; sourceTree = "<group>"; };
		0D29941F295A2A9C0067ABC2 /* Base */ = {isa = PBXFileReference; lastKnownFileType = file.storyboard; name = Base; path = Base.lproj/LaunchScreen.storyboard; sourceTree = "<group>"; };
		0D299421295A2A9C0067ABC2 /* Info.plist */ = {isa = PBXFileReference; lastKnownFileType = text.plist.xml; path = Info.plist; sourceTree = "<group>"; };
		0D72205E29674E2700FB7402 /* UIViewController+Extension.swift */ = {isa = PBXFileReference; lastKnownFileType = sourcecode.swift; path = "UIViewController+Extension.swift"; sourceTree = "<group>"; };
		0D7220642967639400FB7402 /* DescriptionTableViewCell.swift */ = {isa = PBXFileReference; lastKnownFileType = sourcecode.swift; path = DescriptionTableViewCell.swift; sourceTree = "<group>"; };
		0D8AE62A2A1625EB0062E9BE /* CoordinatorProtocol.swift */ = {isa = PBXFileReference; lastKnownFileType = sourcecode.swift; path = CoordinatorProtocol.swift; sourceTree = "<group>"; };
		0D8AE62C2A1626D20062E9BE /* OnboardingCoordinator.swift */ = {isa = PBXFileReference; lastKnownFileType = sourcecode.swift; path = OnboardingCoordinator.swift; sourceTree = "<group>"; };
		0D8AE62E2A16280C0062E9BE /* OnboardingViewModel.swift */ = {isa = PBXFileReference; lastKnownFileType = sourcecode.swift; path = OnboardingViewModel.swift; sourceTree = "<group>"; };
		0D8AE6302A162FE00062E9BE /* ImageAndTwoButtonView.swift */ = {isa = PBXFileReference; lastKnownFileType = sourcecode.swift; path = ImageAndTwoButtonView.swift; sourceTree = "<group>"; };
		0D8AE6322A1631810062E9BE /* OnboardingModel.swift */ = {isa = PBXFileReference; lastKnownFileType = sourcecode.swift; path = OnboardingModel.swift; sourceTree = "<group>"; };
		0D9255EE2A091DE400924943 /* UIColor+Extension.swift */ = {isa = PBXFileReference; lastKnownFileType = sourcecode.swift; path = "UIColor+Extension.swift"; sourceTree = "<group>"; };
		0D9255F12A091E4500924943 /* TabBarManager.swift */ = {isa = PBXFileReference; lastKnownFileType = sourcecode.swift; path = TabBarManager.swift; sourceTree = "<group>"; };
		0D9255F32A091EA400924943 /* Tab.swift */ = {isa = PBXFileReference; lastKnownFileType = sourcecode.swift; path = Tab.swift; sourceTree = "<group>"; };
		0D9255F62A091F6400924943 /* CustomTabBarView.swift */ = {isa = PBXFileReference; lastKnownFileType = sourcecode.swift; path = CustomTabBarView.swift; sourceTree = "<group>"; };
		0D9255F82A09216800924943 /* TabBarItemView.swift */ = {isa = PBXFileReference; lastKnownFileType = sourcecode.swift; path = TabBarItemView.swift; sourceTree = "<group>"; };
		0D9255FA2A09222A00924943 /* TabBarItemViewModel.swift */ = {isa = PBXFileReference; lastKnownFileType = sourcecode.swift; path = TabBarItemViewModel.swift; sourceTree = "<group>"; };
		0D9255FC2A0922CC00924943 /* TabBarItemViewController.swift */ = {isa = PBXFileReference; lastKnownFileType = sourcecode.swift; path = TabBarItemViewController.swift; sourceTree = "<group>"; };
		0D9255FE2A09238500924943 /* FilterType.swift */ = {isa = PBXFileReference; fileEncoding = 4; lastKnownFileType = sourcecode.swift; path = FilterType.swift; sourceTree = "<group>"; };
		0D9256002A09255500924943 /* Sections.swift */ = {isa = PBXFileReference; lastKnownFileType = sourcecode.swift; path = Sections.swift; sourceTree = "<group>"; };
		0D92965B2A1643DA00136DC3 /* MainTabBarCoordinator.swift */ = {isa = PBXFileReference; lastKnownFileType = sourcecode.swift; path = MainTabBarCoordinator.swift; sourceTree = "<group>"; };
		0D92965D2A16452300136DC3 /* TabBarItemCoordinator.swift */ = {isa = PBXFileReference; lastKnownFileType = sourcecode.swift; path = TabBarItemCoordinator.swift; sourceTree = "<group>"; };
		0D92965F2A164AAF00136DC3 /* DescriptionCoordinator.swift */ = {isa = PBXFileReference; lastKnownFileType = sourcecode.swift; path = DescriptionCoordinator.swift; sourceTree = "<group>"; };
		0D9B71C929E7F4480051262E /* OnboardingViewController.swift */ = {isa = PBXFileReference; lastKnownFileType = sourcecode.swift; path = OnboardingViewController.swift; sourceTree = "<group>"; };
		0D9B71CE29E7F4CA0051262E /* MainTabBarController.swift */ = {isa = PBXFileReference; lastKnownFileType = sourcecode.swift; path = MainTabBarController.swift; sourceTree = "<group>"; };
		0D9B71D129E7F5740051262E /* UserDefaultsWrapper.swift */ = {isa = PBXFileReference; lastKnownFileType = sourcecode.swift; path = UserDefaultsWrapper.swift; sourceTree = "<group>"; };
		0D9B71D329E7F5990051262E /* UserDefaultsKeys.swift */ = {isa = PBXFileReference; lastKnownFileType = sourcecode.swift; path = UserDefaultsKeys.swift; sourceTree = "<group>"; };
		0D9B71D829E7FB680051262E /* OnboardingView.swift */ = {isa = PBXFileReference; lastKnownFileType = sourcecode.swift; path = OnboardingView.swift; sourceTree = "<group>"; };
		0D9B71DB29E804180051262E /* UIButton+Extension.swift */ = {isa = PBXFileReference; lastKnownFileType = sourcecode.swift; path = "UIButton+Extension.swift"; sourceTree = "<group>"; };
		0DA0CEFE295B7FEF00B25061 /* StarWarsCellModel.swift */ = {isa = PBXFileReference; lastKnownFileType = sourcecode.swift; path = StarWarsCellModel.swift; sourceTree = "<group>"; };
		0DA0CF05295B87D900B25061 /* UIView+Extension.swift */ = {isa = PBXFileReference; lastKnownFileType = sourcecode.swift; path = "UIView+Extension.swift"; sourceTree = "<group>"; };
		0DA0CF07295C8F9D00B25061 /* UIStackView+Extension.swift */ = {isa = PBXFileReference; lastKnownFileType = sourcecode.swift; path = "UIStackView+Extension.swift"; sourceTree = "<group>"; };
		0DA0CF0D295C904C00B25061 /* UIFont+Extension.swift */ = {isa = PBXFileReference; lastKnownFileType = sourcecode.swift; path = "UIFont+Extension.swift"; sourceTree = "<group>"; };
		0DA0CF0F295C912200B25061 /* Montserrat-Black.ttf */ = {isa = PBXFileReference; lastKnownFileType = file; path = "Montserrat-Black.ttf"; sourceTree = "<group>"; };
		0DA0CF11295C913100B25061 /* Montserrat-Bold.ttf */ = {isa = PBXFileReference; lastKnownFileType = file; path = "Montserrat-Bold.ttf"; sourceTree = "<group>"; };
		0DA0CF13295C913C00B25061 /* Montserrat-ExtraBold.ttf */ = {isa = PBXFileReference; lastKnownFileType = file; path = "Montserrat-ExtraBold.ttf"; sourceTree = "<group>"; };
		0DA0CF15295C914C00B25061 /* Montserrat-Regular.ttf */ = {isa = PBXFileReference; lastKnownFileType = file; path = "Montserrat-Regular.ttf"; sourceTree = "<group>"; };
		0DA0CF17295C915B00B25061 /* Montserrat-SemiBold.ttf */ = {isa = PBXFileReference; lastKnownFileType = file; path = "Montserrat-SemiBold.ttf"; sourceTree = "<group>"; };
		0DA0CF1C295CC28800B25061 /* NetworkRequestManager.swift */ = {isa = PBXFileReference; lastKnownFileType = sourcecode.swift; path = NetworkRequestManager.swift; sourceTree = "<group>"; };
		0DA0CF1E295CC33000B25061 /* ApiError.swift */ = {isa = PBXFileReference; lastKnownFileType = sourcecode.swift; path = ApiError.swift; sourceTree = "<group>"; };
		0DA0CF21295CC41400B25061 /* StarWarsService.swift */ = {isa = PBXFileReference; lastKnownFileType = sourcecode.swift; path = StarWarsService.swift; sourceTree = "<group>"; };
		0DA0CF23295CC46500B25061 /* ApiRequest.swift */ = {isa = PBXFileReference; lastKnownFileType = sourcecode.swift; path = ApiRequest.swift; sourceTree = "<group>"; };
		0DA0CF25295CC49400B25061 /* EndPoint.swift */ = {isa = PBXFileReference; lastKnownFileType = sourcecode.swift; path = EndPoint.swift; sourceTree = "<group>"; };
		0DA0CF27295CC73500B25061 /* Dictionary+Extension.swift */ = {isa = PBXFileReference; lastKnownFileType = sourcecode.swift; path = "Dictionary+Extension.swift"; sourceTree = "<group>"; };
		0DA0CF29295CC75F00B25061 /* CharacterSet+Extension.swift */ = {isa = PBXFileReference; lastKnownFileType = sourcecode.swift; path = "CharacterSet+Extension.swift"; sourceTree = "<group>"; };
		0DA0CF2B295CC8F600B25061 /* PeopleResponse.swift */ = {isa = PBXFileReference; lastKnownFileType = sourcecode.swift; path = PeopleResponse.swift; sourceTree = "<group>"; };
		0DA0CF2E295CCB2B00B25061 /* GenderType.swift */ = {isa = PBXFileReference; lastKnownFileType = sourcecode.swift; path = GenderType.swift; sourceTree = "<group>"; };
		0DA0CF30295CCB5500B25061 /* PeopleModel.swift */ = {isa = PBXFileReference; lastKnownFileType = sourcecode.swift; path = PeopleModel.swift; sourceTree = "<group>"; };
		0DA0CF32295CCD1A00B25061 /* PlanetsResponse.swift */ = {isa = PBXFileReference; lastKnownFileType = sourcecode.swift; path = PlanetsResponse.swift; sourceTree = "<group>"; };
		0DA0CF34295CCD8F00B25061 /* PlanetModel.swift */ = {isa = PBXFileReference; lastKnownFileType = sourcecode.swift; path = PlanetModel.swift; sourceTree = "<group>"; };
		0DA0CF36295CE25C00B25061 /* StarShipResponse.swift */ = {isa = PBXFileReference; lastKnownFileType = sourcecode.swift; path = StarShipResponse.swift; sourceTree = "<group>"; };
		0DA0CF38295CE2D600B25061 /* StarShipModel.swift */ = {isa = PBXFileReference; lastKnownFileType = sourcecode.swift; path = StarShipModel.swift; sourceTree = "<group>"; };
		0DE5D9962A0CBECD0099653E /* VehicleResponse.swift */ = {isa = PBXFileReference; lastKnownFileType = sourcecode.swift; path = VehicleResponse.swift; sourceTree = "<group>"; };
		0DE5D9982A0CBEFB0099653E /* SpecieResponse.swift */ = {isa = PBXFileReference; lastKnownFileType = sourcecode.swift; path = SpecieResponse.swift; sourceTree = "<group>"; };
		0DE5D99A2A0CEA440099653E /* VehicleModel.swift */ = {isa = PBXFileReference; lastKnownFileType = sourcecode.swift; path = VehicleModel.swift; sourceTree = "<group>"; };
		0DE5D99C2A0CEE6B0099653E /* RequestResponseProtocol.swift */ = {isa = PBXFileReference; lastKnownFileType = sourcecode.swift; path = RequestResponseProtocol.swift; sourceTree = "<group>"; };
		0DE5D99E2A0CEFFE0099653E /* SpecieModel.swift */ = {isa = PBXFileReference; lastKnownFileType = sourcecode.swift; path = SpecieModel.swift; sourceTree = "<group>"; };
		0DE5D9A02A0CF2CB0099653E /* ResponseModelProtocol.swift */ = {isa = PBXFileReference; lastKnownFileType = sourcecode.swift; path = ResponseModelProtocol.swift; sourceTree = "<group>"; };
		0DE5D9A22A0CF4130099653E /* VehicleType.swift */ = {isa = PBXFileReference; lastKnownFileType = sourcecode.swift; path = VehicleType.swift; sourceTree = "<group>"; };
		0DE5D9A42A0CF50D0099653E /* SpecieType.swift */ = {isa = PBXFileReference; lastKnownFileType = sourcecode.swift; path = SpecieType.swift; sourceTree = "<group>"; };
		0DEE48412A12227500E7FE67 /* DescriptionPopUpView.swift */ = {isa = PBXFileReference; lastKnownFileType = sourcecode.swift; path = DescriptionPopUpView.swift; sourceTree = "<group>"; };
		0DEE48432A1222D600E7FE67 /* DescriptionViewController.swift */ = {isa = PBXFileReference; lastKnownFileType = sourcecode.swift; path = DescriptionViewController.swift; sourceTree = "<group>"; };
		0DEE48452A12248400E7FE67 /* DescriptionViewModel.swift */ = {isa = PBXFileReference; lastKnownFileType = sourcecode.swift; path = DescriptionViewModel.swift; sourceTree = "<group>"; };
		0DEE48482A12291700E7FE67 /* DownloadIndicatorView.swift */ = {isa = PBXFileReference; lastKnownFileType = sourcecode.swift; path = DownloadIndicatorView.swift; sourceTree = "<group>"; };
		0DEE484A2A122BDC00E7FE67 /* UINavigationBar+Extension.swift */ = {isa = PBXFileReference; lastKnownFileType = sourcecode.swift; path = "UINavigationBar+Extension.swift"; sourceTree = "<group>"; };
		0DEE484C2A1235B900E7FE67 /* DescriptionView.swift */ = {isa = PBXFileReference; lastKnownFileType = sourcecode.swift; path = DescriptionView.swift; sourceTree = "<group>"; };
/* End PBXFileReference section */

/* Begin PBXFrameworksBuildPhase section */
		0D29940D295A2A990067ABC2 /* Frameworks */ = {
			isa = PBXFrameworksBuildPhase;
			buildActionMask = 2147483647;
			files = (
			);
			runOnlyForDeploymentPostprocessing = 0;
		};
/* End PBXFrameworksBuildPhase section */

/* Begin PBXGroup section */
		0D0240252961B51D0082287B /* Cells */ = {
			isa = PBXGroup;
			children = (
				0D0240262961B5290082287B /* TableViewCells */,
			);
			path = Cells;
			sourceTree = "<group>";
		};
		0D0240262961B5290082287B /* TableViewCells */ = {
			isa = PBXGroup;
			children = (
				0D0240232961B5170082287B /* MainItemTableViewCell.swift */,
				0D7220642967639400FB7402 /* DescriptionTableViewCell.swift */,
			);
			path = TableViewCells;
			sourceTree = "<group>";
		};
		0D299407295A2A990067ABC2 = {
			isa = PBXGroup;
			children = (
				0D299412295A2A990067ABC2 /* StarWarsUniverse */,
				0D299411295A2A990067ABC2 /* Products */,
			);
			sourceTree = "<group>";
		};
		0D299411295A2A990067ABC2 /* Products */ = {
			isa = PBXGroup;
			children = (
				0D299410295A2A990067ABC2 /* StarWarsUniverse.app */,
			);
			name = Products;
			sourceTree = "<group>";
		};
		0D299412295A2A990067ABC2 /* StarWarsUniverse */ = {
			isa = PBXGroup;
			children = (
				0DA0CF00295B809500B25061 /* Presentation */,
				0DA0CF1B295CC1F200B25061 /* Common */,
				0DAA9FEA295A364D0003B501 /* SuportingFiles */,
				0D299421295A2A9C0067ABC2 /* Info.plist */,
			);
			path = StarWarsUniverse;
			sourceTree = "<group>";
		};
		0D8AE6292A1625D20062E9BE /* Coordinator */ = {
			isa = PBXGroup;
			children = (
				0D8AE62A2A1625EB0062E9BE /* CoordinatorProtocol.swift */,
			);
			path = Coordinator;
			sourceTree = "<group>";
		};
		0D9255F02A091E3700924943 /* Managers */ = {
			isa = PBXGroup;
			children = (
				0D9255F12A091E4500924943 /* TabBarManager.swift */,
				0D0FF0952A1417EC00347904 /* CacheDataManager.swift */,
			);
			path = Managers;
			sourceTree = "<group>";
		};
		0D9255F52A091F5600924943 /* TabBar */ = {
			isa = PBXGroup;
			children = (
				0D9255F62A091F6400924943 /* CustomTabBarView.swift */,
				0D9255F82A09216800924943 /* TabBarItemView.swift */,
			);
			path = TabBar;
			sourceTree = "<group>";
		};
		0D9B71CB29E7F4690051262E /* Onboarding */ = {
			isa = PBXGroup;
			children = (
				0D9B71C929E7F4480051262E /* OnboardingViewController.swift */,
				0D8AE62E2A16280C0062E9BE /* OnboardingViewModel.swift */,
				0D8AE62C2A1626D20062E9BE /* OnboardingCoordinator.swift */,
			);
			path = Onboarding;
			sourceTree = "<group>";
		};
		0D9B71D029E7F4D00051262E /* TabBar */ = {
			isa = PBXGroup;
			children = (
				0D9B71CE29E7F4CA0051262E /* MainTabBarController.swift */,
				0D92965B2A1643DA00136DC3 /* MainTabBarCoordinator.swift */,
			);
			path = TabBar;
			sourceTree = "<group>";
		};
		0D9B71DA29E7FF1D0051262E /* Onboarding */ = {
			isa = PBXGroup;
			children = (
				0D9B71D829E7FB680051262E /* OnboardingView.swift */,
				0D8AE6302A162FE00062E9BE /* ImageAndTwoButtonView.swift */,
			);
			path = Onboarding;
			sourceTree = "<group>";
		};
		0DA0CF00295B809500B25061 /* Presentation */ = {
			isa = PBXGroup;
			children = (
				0D9B71CB29E7F4690051262E /* Onboarding */,
				0D9B71D029E7F4D00051262E /* TabBar */,
				0DE5D9942A0B93F20099653E /* TabBarItemVC */,
				0DEE48472A12273600E7FE67 /* DescriptionVC */,
				0DA0CF0B295C8FDC00B25061 /* Views */,
				0D0240252961B51D0082287B /* Cells */,
			);
			path = Presentation;
			sourceTree = "<group>";
		};
		0DA0CF09295C8FB800B25061 /* Extensions */ = {
			isa = PBXGroup;
			children = (
				0DA0CF29295CC75F00B25061 /* CharacterSet+Extension.swift */,
				0DA0CF05295B87D900B25061 /* UIView+Extension.swift */,
				0DA0CF07295C8F9D00B25061 /* UIStackView+Extension.swift */,
				0DA0CF0D295C904C00B25061 /* UIFont+Extension.swift */,
				0DA0CF27295CC73500B25061 /* Dictionary+Extension.swift */,
				0D0240272961B6660082287B /* NibCapable+Extension.swift */,
				0D02402B2961B8EE0082287B /* UIImage+Extension.swift */,
				0D02402F2961DF270082287B /* UITableView+Extension.swift */,
				0D024033296219BB0082287B /* UIScrollView+Extension.swift */,
				0D72205E29674E2700FB7402 /* UIViewController+Extension.swift */,
				0D9B71DB29E804180051262E /* UIButton+Extension.swift */,
				0D9255EE2A091DE400924943 /* UIColor+Extension.swift */,
				0DEE484A2A122BDC00E7FE67 /* UINavigationBar+Extension.swift */,
				0D1441292A13BAB90063C3EE /* NSAttributedString+Extension.swift */,
			);
			path = Extensions;
			sourceTree = "<group>";
		};
		0DA0CF0A295C8FCC00B25061 /* Models */ = {
			isa = PBXGroup;
			children = (
				0DE5D9A02A0CF2CB0099653E /* ResponseModelProtocol.swift */,
				0DA0CEFE295B7FEF00B25061 /* StarWarsCellModel.swift */,
				0DA0CF30295CCB5500B25061 /* PeopleModel.swift */,
				0DA0CF34295CCD8F00B25061 /* PlanetModel.swift */,
				0DA0CF38295CE2D600B25061 /* StarShipModel.swift */,
				0DE5D99A2A0CEA440099653E /* VehicleModel.swift */,
				0DE5D99E2A0CEFFE0099653E /* SpecieModel.swift */,
				0D0FF0972A14AFF200347904 /* FilmModel.swift */,
				0D8AE6322A1631810062E9BE /* OnboardingModel.swift */,
			);
			path = Models;
			sourceTree = "<group>";
		};
		0DA0CF0B295C8FDC00B25061 /* Views */ = {
			isa = PBXGroup;
			children = (
				0D9255F52A091F5600924943 /* TabBar */,
				0D0240292961B69F0082287B /* MainItemView.swift */,
				0D024031296209D20082287B /* ContainerTableView.swift */,
				0D9B71DA29E7FF1D0051262E /* Onboarding */,
				0DEE48412A12227500E7FE67 /* DescriptionPopUpView.swift */,
				0DEE48482A12291700E7FE67 /* DownloadIndicatorView.swift */,
				0DEE484C2A1235B900E7FE67 /* DescriptionView.swift */,
			);
			path = Views;
			sourceTree = "<group>";
		};
		0DA0CF0C295C8FE600B25061 /* Utilities */ = {
			isa = PBXGroup;
			children = (
				0D9255FE2A09238500924943 /* FilterType.swift */,
				0DA0CF1E295CC33000B25061 /* ApiError.swift */,
				0DA0CF2E295CCB2B00B25061 /* GenderType.swift */,
				0DA0CF25295CC49400B25061 /* EndPoint.swift */,
				0D02402D2961B9110082287B /* ImageNameType.swift */,
				0D024035296219F80082287B /* DirectionType.swift */,
				0D024037296305B10082287B /* ClimateType.swift */,
				0D024039296310760082287B /* StarShipModelType.swift */,
				0D9B71D129E7F5740051262E /* UserDefaultsWrapper.swift */,
				0D9B71D329E7F5990051262E /* UserDefaultsKeys.swift */,
				0D9255F32A091EA400924943 /* Tab.swift */,
				0D9256002A09255500924943 /* Sections.swift */,
				0DE5D9A22A0CF4130099653E /* VehicleType.swift */,
				0DE5D9A42A0CF50D0099653E /* SpecieType.swift */,
				0D0FF0992A14B2B300347904 /* FilmType.swift */,
			);
			path = Utilities;
			sourceTree = "<group>";
		};
		0DA0CF19295C916800B25061 /* Fonts */ = {
			isa = PBXGroup;
			children = (
				0DA0CF11295C913100B25061 /* Montserrat-Bold.ttf */,
				0DA0CF13295C913C00B25061 /* Montserrat-ExtraBold.ttf */,
				0DA0CF15295C914C00B25061 /* Montserrat-Regular.ttf */,
				0DA0CF17295C915B00B25061 /* Montserrat-SemiBold.ttf */,
				0DA0CF0F295C912200B25061 /* Montserrat-Black.ttf */,
			);
			path = Fonts;
			sourceTree = "<group>";
		};
		0DA0CF1B295CC1F200B25061 /* Common */ = {
			isa = PBXGroup;
			children = (
				0D8AE6292A1625D20062E9BE /* Coordinator */,
				0D9255F02A091E3700924943 /* Managers */,
				0DA0CF0A295C8FCC00B25061 /* Models */,
				0DA0CF0C295C8FE600B25061 /* Utilities */,
				0DA0CF09295C8FB800B25061 /* Extensions */,
				0DA0CF19295C916800B25061 /* Fonts */,
				0DA0CF20295CC37400B25061 /* Networking */,
			);
			path = Common;
			sourceTree = "<group>";
		};
		0DA0CF20295CC37400B25061 /* Networking */ = {
			isa = PBXGroup;
			children = (
				0DA0CF1C295CC28800B25061 /* NetworkRequestManager.swift */,
				0DA0CF21295CC41400B25061 /* StarWarsService.swift */,
				0DA0CF23295CC46500B25061 /* ApiRequest.swift */,
				0DA0CF2D295CC93800B25061 /* Responses */,
			);
			path = Networking;
			sourceTree = "<group>";
		};
		0DA0CF2D295CC93800B25061 /* Responses */ = {
			isa = PBXGroup;
			children = (
				0DE5D99C2A0CEE6B0099653E /* RequestResponseProtocol.swift */,
				0DA0CF2B295CC8F600B25061 /* PeopleResponse.swift */,
				0DA0CF32295CCD1A00B25061 /* PlanetsResponse.swift */,
				0DA0CF36295CE25C00B25061 /* StarShipResponse.swift */,
				0DE5D9962A0CBECD0099653E /* VehicleResponse.swift */,
				0DE5D9982A0CBEFB0099653E /* SpecieResponse.swift */,
			);
			path = Responses;
			sourceTree = "<group>";
		};
		0DAA9FEA295A364D0003B501 /* SuportingFiles */ = {
			isa = PBXGroup;
			children = (
				0D299413295A2A990067ABC2 /* AppDelegate.swift */,
				0D29941C295A2A9C0067ABC2 /* Assets.xcassets */,
				0D29941E295A2A9C0067ABC2 /* LaunchScreen.storyboard */,
			);
			path = SuportingFiles;
			sourceTree = "<group>";
		};
		0DE5D9942A0B93F20099653E /* TabBarItemVC */ = {
			isa = PBXGroup;
			children = (
				0D9255FC2A0922CC00924943 /* TabBarItemViewController.swift */,
				0D9255FA2A09222A00924943 /* TabBarItemViewModel.swift */,
				0D92965D2A16452300136DC3 /* TabBarItemCoordinator.swift */,
			);
			path = TabBarItemVC;
			sourceTree = "<group>";
		};
		0DEE48472A12273600E7FE67 /* DescriptionVC */ = {
			isa = PBXGroup;
			children = (
				0DEE48432A1222D600E7FE67 /* DescriptionViewController.swift */,
				0DEE48452A12248400E7FE67 /* DescriptionViewModel.swift */,
				0D92965F2A164AAF00136DC3 /* DescriptionCoordinator.swift */,
			);
			path = DescriptionVC;
			sourceTree = "<group>";
		};
/* End PBXGroup section */

/* Begin PBXNativeTarget section */
		0D29940F295A2A990067ABC2 /* StarWarsUniverse */ = {
			isa = PBXNativeTarget;
			buildConfigurationList = 0D299424295A2A9C0067ABC2 /* Build configuration list for PBXNativeTarget "StarWarsUniverse" */;
			buildPhases = (
				0D29940C295A2A990067ABC2 /* Sources */,
				0D29940D295A2A990067ABC2 /* Frameworks */,
				0D29940E295A2A990067ABC2 /* Resources */,
				0DAA9FE9295A32950003B501 /* SwiftLint */,
			);
			buildRules = (
			);
			dependencies = (
			);
			name = StarWarsUniverse;
			productName = StarWarsUniverse;
			productReference = 0D299410295A2A990067ABC2 /* StarWarsUniverse.app */;
			productType = "com.apple.product-type.application";
		};
/* End PBXNativeTarget section */

/* Begin PBXProject section */
		0D299408295A2A990067ABC2 /* Project object */ = {
			isa = PBXProject;
			attributes = {
				BuildIndependentTargetsInParallel = 1;
				LastSwiftUpdateCheck = 1420;
				LastUpgradeCheck = 1420;
				TargetAttributes = {
					0D29940F295A2A990067ABC2 = {
						CreatedOnToolsVersion = 14.2;
					};
				};
			};
			buildConfigurationList = 0D29940B295A2A990067ABC2 /* Build configuration list for PBXProject "StarWarsUniverse" */;
			compatibilityVersion = "Xcode 14.0";
			developmentRegion = en;
			hasScannedForEncodings = 0;
			knownRegions = (
				en,
				Base,
			);
			mainGroup = 0D299407295A2A990067ABC2;
			productRefGroup = 0D299411295A2A990067ABC2 /* Products */;
			projectDirPath = "";
			projectRoot = "";
			targets = (
				0D29940F295A2A990067ABC2 /* StarWarsUniverse */,
			);
		};
/* End PBXProject section */

/* Begin PBXResourcesBuildPhase section */
		0D29940E295A2A990067ABC2 /* Resources */ = {
			isa = PBXResourcesBuildPhase;
			buildActionMask = 2147483647;
			files = (
				0DA0CF16295C914C00B25061 /* Montserrat-Regular.ttf in Resources */,
				0DA0CF14295C913C00B25061 /* Montserrat-ExtraBold.ttf in Resources */,
				0DA0CF12295C913200B25061 /* Montserrat-Bold.ttf in Resources */,
				0DA0CF18295C915B00B25061 /* Montserrat-SemiBold.ttf in Resources */,
				0D299420295A2A9C0067ABC2 /* LaunchScreen.storyboard in Resources */,
				0D29941D295A2A9C0067ABC2 /* Assets.xcassets in Resources */,
				0DA0CF10295C912200B25061 /* Montserrat-Black.ttf in Resources */,
			);
			runOnlyForDeploymentPostprocessing = 0;
		};
/* End PBXResourcesBuildPhase section */

/* Begin PBXShellScriptBuildPhase section */
		0DAA9FE9295A32950003B501 /* SwiftLint */ = {
			isa = PBXShellScriptBuildPhase;
			buildActionMask = 2147483647;
			files = (
			);
			inputFileListPaths = (
			);
			inputPaths = (
			);
			name = SwiftLint;
			outputFileListPaths = (
			);
			outputPaths = (
			);
			runOnlyForDeploymentPostprocessing = 0;
			shellPath = /bin/sh;
			shellScript = "if which swiftlint >/dev/null; then\n  swiftlint\nelse\n  echo \"warning: SwiftLint not installed, download from https://github.com/realm/SwiftLint\"\nfi\n";
		};
/* End PBXShellScriptBuildPhase section */

/* Begin PBXSourcesBuildPhase section */
		0D29940C295A2A990067ABC2 /* Sources */ = {
			isa = PBXSourcesBuildPhase;
			buildActionMask = 2147483647;
			files = (
				0D024034296219BB0082287B /* UIScrollView+Extension.swift in Sources */,
				0DEE48442A1222D600E7FE67 /* DescriptionViewController.swift in Sources */,
				0DEE48492A12291700E7FE67 /* DownloadIndicatorView.swift in Sources */,
				0D9296602A164AAF00136DC3 /* DescriptionCoordinator.swift in Sources */,
				0D9B71D929E7FB680051262E /* OnboardingView.swift in Sources */,
				0DE5D99D2A0CEE6B0099653E /* RequestResponseProtocol.swift in Sources */,
				0D9255F72A091F6400924943 /* CustomTabBarView.swift in Sources */,
				0DA0CF08295C8F9D00B25061 /* UIStackView+Extension.swift in Sources */,
				0D8AE6312A162FE00062E9BE /* ImageAndTwoButtonView.swift in Sources */,
				0DA0CF1D295CC28800B25061 /* NetworkRequestManager.swift in Sources */,
				0D299414295A2A990067ABC2 /* AppDelegate.swift in Sources */,
				0D8AE62D2A1626D20062E9BE /* OnboardingCoordinator.swift in Sources */,
				0D02403A296310760082287B /* StarShipModelType.swift in Sources */,
				0D9256012A09255500924943 /* Sections.swift in Sources */,
				0DE5D9A52A0CF50D0099653E /* SpecieType.swift in Sources */,
				0DA0CF35295CCD8F00B25061 /* PlanetModel.swift in Sources */,
				0DE5D99B2A0CEA440099653E /* VehicleModel.swift in Sources */,
				0D0240242961B5170082287B /* MainItemTableViewCell.swift in Sources */,
				0DA0CEFF295B7FEF00B25061 /* StarWarsCellModel.swift in Sources */,
				0DA0CF2C295CC8F600B25061 /* PeopleResponse.swift in Sources */,
				0DEE48462A12248400E7FE67 /* DescriptionViewModel.swift in Sources */,
				0DA0CF28295CC73500B25061 /* Dictionary+Extension.swift in Sources */,
				0D9255F22A091E4500924943 /* TabBarManager.swift in Sources */,
				0DA0CF06295B87D900B25061 /* UIView+Extension.swift in Sources */,
				0D024038296305B10082287B /* ClimateType.swift in Sources */,
				0D9255EF2A091DE400924943 /* UIColor+Extension.swift in Sources */,
				0D9B71D429E7F5990051262E /* UserDefaultsKeys.swift in Sources */,
				0DA0CF37295CE25D00B25061 /* StarShipResponse.swift in Sources */,
				0DA0CF24295CC46500B25061 /* ApiRequest.swift in Sources */,
				0D9B71DC29E804180051262E /* UIButton+Extension.swift in Sources */,
				0D14412A2A13BAB90063C3EE /* NSAttributedString+Extension.swift in Sources */,
				0DA0CF22295CC41400B25061 /* StarWarsService.swift in Sources */,
				0DA0CF26295CC49400B25061 /* EndPoint.swift in Sources */,
				0D0240282961B6660082287B /* NibCapable+Extension.swift in Sources */,
				0DA0CF31295CCB5600B25061 /* PeopleModel.swift in Sources */,
				0D9255F42A091EA400924943 /* Tab.swift in Sources */,
				0DEE484B2A122BDC00E7FE67 /* UINavigationBar+Extension.swift in Sources */,
				0D02402E2961B9110082287B /* ImageNameType.swift in Sources */,
				0D9255F92A09216800924943 /* TabBarItemView.swift in Sources */,
				0D72205F29674E2700FB7402 /* UIViewController+Extension.swift in Sources */,
				0D7220652967639400FB7402 /* DescriptionTableViewCell.swift in Sources */,
				0D02402A2961B69F0082287B /* MainItemView.swift in Sources */,
				0DA0CF33295CCD1A00B25061 /* PlanetsResponse.swift in Sources */,
				0D9255FB2A09222A00924943 /* TabBarItemViewModel.swift in Sources */,
				0DA0CF39295CE2D600B25061 /* StarShipModel.swift in Sources */,
				0D8AE62F2A16280C0062E9BE /* OnboardingViewModel.swift in Sources */,
				0D0FF0982A14AFF200347904 /* FilmModel.swift in Sources */,
				0D8AE6332A1631810062E9BE /* OnboardingModel.swift in Sources */,
				0D02402C2961B8EE0082287B /* UIImage+Extension.swift in Sources */,
				0D9255FF2A09238500924943 /* FilterType.swift in Sources */,
				0D0240302961DF270082287B /* UITableView+Extension.swift in Sources */,
				0DE5D99F2A0CEFFE0099653E /* SpecieModel.swift in Sources */,
				0D024032296209D20082287B /* ContainerTableView.swift in Sources */,
				0D9B71D229E7F5740051262E /* UserDefaultsWrapper.swift in Sources */,
				0D9255FD2A0922CC00924943 /* TabBarItemViewController.swift in Sources */,
				0D92965C2A1643DA00136DC3 /* MainTabBarCoordinator.swift in Sources */,
				0D8AE62B2A1625EB0062E9BE /* CoordinatorProtocol.swift in Sources */,
				0D9B71CA29E7F4480051262E /* OnboardingViewController.swift in Sources */,
				0DE5D9A12A0CF2CB0099653E /* ResponseModelProtocol.swift in Sources */,
				0DE5D9972A0CBECD0099653E /* VehicleResponse.swift in Sources */,
				0D024036296219F80082287B /* DirectionType.swift in Sources */,
				0DE5D9992A0CBEFB0099653E /* SpecieResponse.swift in Sources */,
				0D92965E2A16452300136DC3 /* TabBarItemCoordinator.swift in Sources */,
				0DA0CF2F295CCB2B00B25061 /* GenderType.swift in Sources */,
				0D0FF09A2A14B2B300347904 /* FilmType.swift in Sources */,
				0D9B71CF29E7F4CA0051262E /* MainTabBarController.swift in Sources */,
				0DEE484D2A1235B900E7FE67 /* DescriptionView.swift in Sources */,
				0D0FF0962A1417EC00347904 /* CacheDataManager.swift in Sources */,
				0DA0CF1F295CC33000B25061 /* ApiError.swift in Sources */,
				0DA0CF2A295CC76000B25061 /* CharacterSet+Extension.swift in Sources */,
				0DEE48422A12227500E7FE67 /* DescriptionPopUpView.swift in Sources */,
				0DE5D9A32A0CF4130099653E /* VehicleType.swift in Sources */,
				0DA0CF0E295C904C00B25061 /* UIFont+Extension.swift in Sources */,
			);
			runOnlyForDeploymentPostprocessing = 0;
		};
/* End PBXSourcesBuildPhase section */

/* Begin PBXVariantGroup section */
		0D29941E295A2A9C0067ABC2 /* LaunchScreen.storyboard */ = {
			isa = PBXVariantGroup;
			children = (
				0D29941F295A2A9C0067ABC2 /* Base */,
			);
			name = LaunchScreen.storyboard;
			sourceTree = "<group>";
		};
/* End PBXVariantGroup section */

/* Begin XCBuildConfiguration section */
		0D299422295A2A9C0067ABC2 /* Debug */ = {
			isa = XCBuildConfiguration;
			buildSettings = {
				ALWAYS_SEARCH_USER_PATHS = NO;
				CLANG_ANALYZER_NONNULL = YES;
				CLANG_ANALYZER_NUMBER_OBJECT_CONVERSION = YES_AGGRESSIVE;
				CLANG_CXX_LANGUAGE_STANDARD = "gnu++20";
				CLANG_ENABLE_MODULES = YES;
				CLANG_ENABLE_OBJC_ARC = YES;
				CLANG_ENABLE_OBJC_WEAK = YES;
				CLANG_WARN_BLOCK_CAPTURE_AUTORELEASING = YES;
				CLANG_WARN_BOOL_CONVERSION = YES;
				CLANG_WARN_COMMA = YES;
				CLANG_WARN_CONSTANT_CONVERSION = YES;
				CLANG_WARN_DEPRECATED_OBJC_IMPLEMENTATIONS = YES;
				CLANG_WARN_DIRECT_OBJC_ISA_USAGE = YES_ERROR;
				CLANG_WARN_DOCUMENTATION_COMMENTS = YES;
				CLANG_WARN_EMPTY_BODY = YES;
				CLANG_WARN_ENUM_CONVERSION = YES;
				CLANG_WARN_INFINITE_RECURSION = YES;
				CLANG_WARN_INT_CONVERSION = YES;
				CLANG_WARN_NON_LITERAL_NULL_CONVERSION = YES;
				CLANG_WARN_OBJC_IMPLICIT_RETAIN_SELF = YES;
				CLANG_WARN_OBJC_LITERAL_CONVERSION = YES;
				CLANG_WARN_OBJC_ROOT_CLASS = YES_ERROR;
				CLANG_WARN_QUOTED_INCLUDE_IN_FRAMEWORK_HEADER = YES;
				CLANG_WARN_RANGE_LOOP_ANALYSIS = YES;
				CLANG_WARN_STRICT_PROTOTYPES = YES;
				CLANG_WARN_SUSPICIOUS_MOVE = YES;
				CLANG_WARN_UNGUARDED_AVAILABILITY = YES_AGGRESSIVE;
				CLANG_WARN_UNREACHABLE_CODE = YES;
				CLANG_WARN__DUPLICATE_METHOD_MATCH = YES;
				COPY_PHASE_STRIP = NO;
				DEBUG_INFORMATION_FORMAT = dwarf;
				ENABLE_STRICT_OBJC_MSGSEND = YES;
				ENABLE_TESTABILITY = YES;
				GCC_C_LANGUAGE_STANDARD = gnu11;
				GCC_DYNAMIC_NO_PIC = NO;
				GCC_NO_COMMON_BLOCKS = YES;
				GCC_OPTIMIZATION_LEVEL = 0;
				GCC_PREPROCESSOR_DEFINITIONS = (
					"DEBUG=1",
					"$(inherited)",
				);
				GCC_WARN_64_TO_32_BIT_CONVERSION = YES;
				GCC_WARN_ABOUT_RETURN_TYPE = YES_ERROR;
				GCC_WARN_UNDECLARED_SELECTOR = YES;
				GCC_WARN_UNINITIALIZED_AUTOS = YES_AGGRESSIVE;
				GCC_WARN_UNUSED_FUNCTION = YES;
				GCC_WARN_UNUSED_VARIABLE = YES;
				IPHONEOS_DEPLOYMENT_TARGET = 16.2;
				MTL_ENABLE_DEBUG_INFO = INCLUDE_SOURCE;
				MTL_FAST_MATH = YES;
				ONLY_ACTIVE_ARCH = YES;
				SDKROOT = iphoneos;
				SWIFT_ACTIVE_COMPILATION_CONDITIONS = DEBUG;
				SWIFT_OPTIMIZATION_LEVEL = "-Onone";
			};
			name = Debug;
		};
		0D299423295A2A9C0067ABC2 /* Release */ = {
			isa = XCBuildConfiguration;
			buildSettings = {
				ALWAYS_SEARCH_USER_PATHS = NO;
				CLANG_ANALYZER_NONNULL = YES;
				CLANG_ANALYZER_NUMBER_OBJECT_CONVERSION = YES_AGGRESSIVE;
				CLANG_CXX_LANGUAGE_STANDARD = "gnu++20";
				CLANG_ENABLE_MODULES = YES;
				CLANG_ENABLE_OBJC_ARC = YES;
				CLANG_ENABLE_OBJC_WEAK = YES;
				CLANG_WARN_BLOCK_CAPTURE_AUTORELEASING = YES;
				CLANG_WARN_BOOL_CONVERSION = YES;
				CLANG_WARN_COMMA = YES;
				CLANG_WARN_CONSTANT_CONVERSION = YES;
				CLANG_WARN_DEPRECATED_OBJC_IMPLEMENTATIONS = YES;
				CLANG_WARN_DIRECT_OBJC_ISA_USAGE = YES_ERROR;
				CLANG_WARN_DOCUMENTATION_COMMENTS = YES;
				CLANG_WARN_EMPTY_BODY = YES;
				CLANG_WARN_ENUM_CONVERSION = YES;
				CLANG_WARN_INFINITE_RECURSION = YES;
				CLANG_WARN_INT_CONVERSION = YES;
				CLANG_WARN_NON_LITERAL_NULL_CONVERSION = YES;
				CLANG_WARN_OBJC_IMPLICIT_RETAIN_SELF = YES;
				CLANG_WARN_OBJC_LITERAL_CONVERSION = YES;
				CLANG_WARN_OBJC_ROOT_CLASS = YES_ERROR;
				CLANG_WARN_QUOTED_INCLUDE_IN_FRAMEWORK_HEADER = YES;
				CLANG_WARN_RANGE_LOOP_ANALYSIS = YES;
				CLANG_WARN_STRICT_PROTOTYPES = YES;
				CLANG_WARN_SUSPICIOUS_MOVE = YES;
				CLANG_WARN_UNGUARDED_AVAILABILITY = YES_AGGRESSIVE;
				CLANG_WARN_UNREACHABLE_CODE = YES;
				CLANG_WARN__DUPLICATE_METHOD_MATCH = YES;
				COPY_PHASE_STRIP = NO;
				DEBUG_INFORMATION_FORMAT = "dwarf-with-dsym";
				ENABLE_NS_ASSERTIONS = NO;
				ENABLE_STRICT_OBJC_MSGSEND = YES;
				GCC_C_LANGUAGE_STANDARD = gnu11;
				GCC_NO_COMMON_BLOCKS = YES;
				GCC_WARN_64_TO_32_BIT_CONVERSION = YES;
				GCC_WARN_ABOUT_RETURN_TYPE = YES_ERROR;
				GCC_WARN_UNDECLARED_SELECTOR = YES;
				GCC_WARN_UNINITIALIZED_AUTOS = YES_AGGRESSIVE;
				GCC_WARN_UNUSED_FUNCTION = YES;
				GCC_WARN_UNUSED_VARIABLE = YES;
				IPHONEOS_DEPLOYMENT_TARGET = 16.2;
				MTL_ENABLE_DEBUG_INFO = NO;
				MTL_FAST_MATH = YES;
				SDKROOT = iphoneos;
				SWIFT_COMPILATION_MODE = wholemodule;
				SWIFT_OPTIMIZATION_LEVEL = "-O";
				VALIDATE_PRODUCT = YES;
			};
			name = Release;
		};
		0D299425295A2A9C0067ABC2 /* Debug */ = {
			isa = XCBuildConfiguration;
			buildSettings = {
				ASSETCATALOG_COMPILER_APPICON_NAME = AppIcon;
				ASSETCATALOG_COMPILER_GLOBAL_ACCENT_COLOR_NAME = AccentColor;
				CODE_SIGN_STYLE = Automatic;
				CURRENT_PROJECT_VERSION = 1;
				DEVELOPMENT_TEAM = 6Z5CWU22LN;
				GENERATE_INFOPLIST_FILE = YES;
				INFOPLIST_FILE = StarWarsUniverse/Info.plist;
				INFOPLIST_KEY_UIApplicationSupportsIndirectInputEvents = YES;
				INFOPLIST_KEY_UILaunchStoryboardName = LaunchScreen;
				INFOPLIST_KEY_UIMainStoryboardFile = "";
				INFOPLIST_KEY_UISupportedInterfaceOrientations = UIInterfaceOrientationPortrait;
				INFOPLIST_KEY_UISupportedInterfaceOrientations_iPad = "UIInterfaceOrientationPortraitUpsideDown UIInterfaceOrientationPortrait";
				INFOPLIST_KEY_UISupportedInterfaceOrientations_iPhone = "UIInterfaceOrientationPortraitUpsideDown UIInterfaceOrientationPortrait";
				INFOPLIST_KEY_UIUserInterfaceStyle = Light;
				IPHONEOS_DEPLOYMENT_TARGET = 15.0;
				LD_RUNPATH_SEARCH_PATHS = (
					"$(inherited)",
					"@executable_path/Frameworks",
				);
				MARKETING_VERSION = 1.0.0;
				PRODUCT_BUNDLE_IDENTIFIER = com.markov.StarWarsUniverse;
				PRODUCT_NAME = "$(TARGET_NAME)";
				SWIFT_EMIT_LOC_STRINGS = YES;
				SWIFT_VERSION = 5.0;
				TARGETED_DEVICE_FAMILY = "1,2";
			};
			name = Debug;
		};
		0D299426295A2A9C0067ABC2 /* Release */ = {
			isa = XCBuildConfiguration;
			buildSettings = {
				ASSETCATALOG_COMPILER_APPICON_NAME = AppIcon;
				ASSETCATALOG_COMPILER_GLOBAL_ACCENT_COLOR_NAME = AccentColor;
				CODE_SIGN_STYLE = Automatic;
				CURRENT_PROJECT_VERSION = 1;
				DEVELOPMENT_TEAM = 6Z5CWU22LN;
				GENERATE_INFOPLIST_FILE = YES;
				INFOPLIST_FILE = StarWarsUniverse/Info.plist;
				INFOPLIST_KEY_UIApplicationSupportsIndirectInputEvents = YES;
				INFOPLIST_KEY_UILaunchStoryboardName = LaunchScreen;
				INFOPLIST_KEY_UIMainStoryboardFile = "";
				INFOPLIST_KEY_UISupportedInterfaceOrientations = UIInterfaceOrientationPortrait;
				INFOPLIST_KEY_UISupportedInterfaceOrientations_iPad = "UIInterfaceOrientationPortraitUpsideDown UIInterfaceOrientationPortrait";
				INFOPLIST_KEY_UISupportedInterfaceOrientations_iPhone = "UIInterfaceOrientationPortraitUpsideDown UIInterfaceOrientationPortrait";
				INFOPLIST_KEY_UIUserInterfaceStyle = Light;
				IPHONEOS_DEPLOYMENT_TARGET = 15.0;
				LD_RUNPATH_SEARCH_PATHS = (
					"$(inherited)",
					"@executable_path/Frameworks",
				);
				MARKETING_VERSION = 1.0.0;
				PRODUCT_BUNDLE_IDENTIFIER = com.markov.StarWarsUniverse;
				PRODUCT_NAME = "$(TARGET_NAME)";
				SWIFT_EMIT_LOC_STRINGS = YES;
				SWIFT_VERSION = 5.0;
				TARGETED_DEVICE_FAMILY = "1,2";
			};
			name = Release;
		};
/* End XCBuildConfiguration section */

/* Begin XCConfigurationList section */
		0D29940B295A2A990067ABC2 /* Build configuration list for PBXProject "StarWarsUniverse" */ = {
			isa = XCConfigurationList;
			buildConfigurations = (
				0D299422295A2A9C0067ABC2 /* Debug */,
				0D299423295A2A9C0067ABC2 /* Release */,
			);
			defaultConfigurationIsVisible = 0;
			defaultConfigurationName = Release;
		};
		0D299424295A2A9C0067ABC2 /* Build configuration list for PBXNativeTarget "StarWarsUniverse" */ = {
			isa = XCConfigurationList;
			buildConfigurations = (
				0D299425295A2A9C0067ABC2 /* Debug */,
				0D299426295A2A9C0067ABC2 /* Release */,
			);
			defaultConfigurationIsVisible = 0;
			defaultConfigurationName = Release;
		};
/* End XCConfigurationList section */
	};
	rootObject = 0D299408295A2A990067ABC2 /* Project object */;
}
