// !$*UTF8*$!
{
	archiveVersion = 1;
	classes = {
	};
	objectVersion = 56;
	objects = {

/* Begin PBXBuildFile section */
		0D0240242961B5170082287B /* PlanetTableViewCell.swift in Sources */ = {isa = PBXBuildFile; fileRef = 0D0240232961B5170082287B /* PlanetTableViewCell.swift */; };
		0D0240282961B6660082287B /* NibCapable+Extension.swift in Sources */ = {isa = PBXBuildFile; fileRef = 0D0240272961B6660082287B /* NibCapable+Extension.swift */; };
		0D02402A2961B69F0082287B /* PlanetView.swift in Sources */ = {isa = PBXBuildFile; fileRef = 0D0240292961B69F0082287B /* PlanetView.swift */; };
		0D02402C2961B8EE0082287B /* UIImage+Extension.swift in Sources */ = {isa = PBXBuildFile; fileRef = 0D02402B2961B8EE0082287B /* UIImage+Extension.swift */; };
		0D02402E2961B9110082287B /* ImageNameType.swift in Sources */ = {isa = PBXBuildFile; fileRef = 0D02402D2961B9110082287B /* ImageNameType.swift */; };
		0D0240302961DF270082287B /* UITableView+Extension.swift in Sources */ = {isa = PBXBuildFile; fileRef = 0D02402F2961DF270082287B /* UITableView+Extension.swift */; };
		0D024032296209D20082287B /* ContainerTableView.swift in Sources */ = {isa = PBXBuildFile; fileRef = 0D024031296209D20082287B /* ContainerTableView.swift */; };
		0D024034296219BB0082287B /* UIScrollView+Extension.swift in Sources */ = {isa = PBXBuildFile; fileRef = 0D024033296219BB0082287B /* UIScrollView+Extension.swift */; };
		0D024036296219F80082287B /* DirectionType.swift in Sources */ = {isa = PBXBuildFile; fileRef = 0D024035296219F80082287B /* DirectionType.swift */; };
		0D024038296305B10082287B /* ClimateType.swift in Sources */ = {isa = PBXBuildFile; fileRef = 0D024037296305B10082287B /* ClimateType.swift */; };
		0D02403A296310760082287B /* StarShipModelType.swift in Sources */ = {isa = PBXBuildFile; fileRef = 0D024039296310760082287B /* StarShipModelType.swift */; };
		0D299414295A2A990067ABC2 /* AppDelegate.swift in Sources */ = {isa = PBXBuildFile; fileRef = 0D299413295A2A990067ABC2 /* AppDelegate.swift */; };
		0D299416295A2A990067ABC2 /* SceneDelegate.swift in Sources */ = {isa = PBXBuildFile; fileRef = 0D299415295A2A990067ABC2 /* SceneDelegate.swift */; };
		0D299418295A2A990067ABC2 /* MainViewController.swift in Sources */ = {isa = PBXBuildFile; fileRef = 0D299417295A2A990067ABC2 /* MainViewController.swift */; };
		0D29941D295A2A9C0067ABC2 /* Assets.xcassets in Resources */ = {isa = PBXBuildFile; fileRef = 0D29941C295A2A9C0067ABC2 /* Assets.xcassets */; };
		0D299420295A2A9C0067ABC2 /* LaunchScreen.storyboard in Resources */ = {isa = PBXBuildFile; fileRef = 0D29941E295A2A9C0067ABC2 /* LaunchScreen.storyboard */; };
		0D72205F29674E2700FB7402 /* UIViewController+Extension.swift in Sources */ = {isa = PBXBuildFile; fileRef = 0D72205E29674E2700FB7402 /* UIViewController+Extension.swift */; };
		0D72206129674EA600FB7402 /* PresenterTableViewAlertView.swift in Sources */ = {isa = PBXBuildFile; fileRef = 0D72206029674EA600FB7402 /* PresenterTableViewAlertView.swift */; };
		0D7220652967639400FB7402 /* LabelTableViewCell.swift in Sources */ = {isa = PBXBuildFile; fileRef = 0D7220642967639400FB7402 /* LabelTableViewCell.swift */; };
		0D72206B2968496A00FB7402 /* ActivityView.swift in Sources */ = {isa = PBXBuildFile; fileRef = 0D72206A2968496A00FB7402 /* ActivityView.swift */; };
		0DA0CEFB295B7DCD00B25061 /* MainViewModel.swift in Sources */ = {isa = PBXBuildFile; fileRef = 0DA0CEFA295B7DCD00B25061 /* MainViewModel.swift */; };
		0DA0CEFD295B7EB000B25061 /* MainSection.swift in Sources */ = {isa = PBXBuildFile; fileRef = 0DA0CEFC295B7EAF00B25061 /* MainSection.swift */; };
		0DA0CEFF295B7FEF00B25061 /* StarWarsCellModel.swift in Sources */ = {isa = PBXBuildFile; fileRef = 0DA0CEFE295B7FEF00B25061 /* StarWarsCellModel.swift */; };
		0DA0CF02295B816900B25061 /* FilterType.swift in Sources */ = {isa = PBXBuildFile; fileRef = 0DA0CF01295B816900B25061 /* FilterType.swift */; };
		0DA0CF04295B86F800B25061 /* MainView.swift in Sources */ = {isa = PBXBuildFile; fileRef = 0DA0CF03295B86F800B25061 /* MainView.swift */; };
		0DA0CF06295B87D900B25061 /* UIView+Extension.swift in Sources */ = {isa = PBXBuildFile; fileRef = 0DA0CF05295B87D900B25061 /* UIView+Extension.swift */; };
		0DA0CF08295C8F9D00B25061 /* UIStackView+Extension.swift in Sources */ = {isa = PBXBuildFile; fileRef = 0DA0CF07295C8F9D00B25061 /* UIStackView+Extension.swift */; };
		0DA0CF0E295C904C00B25061 /* UIFont+Extension.swift in Sources */ = {isa = PBXBuildFile; fileRef = 0DA0CF0D295C904C00B25061 /* UIFont+Extension.swift */; };
		0DA0CF10295C912200B25061 /* Montserrat-Black.ttf in Resources */ = {isa = PBXBuildFile; fileRef = 0DA0CF0F295C912200B25061 /* Montserrat-Black.ttf */; };
		0DA0CF12295C913200B25061 /* Montserrat-Bold.ttf in Resources */ = {isa = PBXBuildFile; fileRef = 0DA0CF11295C913100B25061 /* Montserrat-Bold.ttf */; };
		0DA0CF14295C913C00B25061 /* Montserrat-ExtraBold.ttf in Resources */ = {isa = PBXBuildFile; fileRef = 0DA0CF13295C913C00B25061 /* Montserrat-ExtraBold.ttf */; };
		0DA0CF16295C914C00B25061 /* Montserrat-Regular.ttf in Resources */ = {isa = PBXBuildFile; fileRef = 0DA0CF15295C914C00B25061 /* Montserrat-Regular.ttf */; };
		0DA0CF18295C915B00B25061 /* Montserrat-SemiBold.ttf in Resources */ = {isa = PBXBuildFile; fileRef = 0DA0CF17295C915B00B25061 /* Montserrat-SemiBold.ttf */; };
		0DA0CF1D295CC28800B25061 /* NetworkRequestManager.swift in Sources */ = {isa = PBXBuildFile; fileRef = 0DA0CF1C295CC28800B25061 /* NetworkRequestManager.swift */; };
		0DA0CF1F295CC33000B25061 /* ApiError.swift in Sources */ = {isa = PBXBuildFile; fileRef = 0DA0CF1E295CC33000B25061 /* ApiError.swift */; };
		0DA0CF22295CC41400B25061 /* StarWarsService.swift in Sources */ = {isa = PBXBuildFile; fileRef = 0DA0CF21295CC41400B25061 /* StarWarsService.swift */; };
		0DA0CF24295CC46500B25061 /* ApiRequest.swift in Sources */ = {isa = PBXBuildFile; fileRef = 0DA0CF23295CC46500B25061 /* ApiRequest.swift */; };
		0DA0CF26295CC49400B25061 /* EndPoint.swift in Sources */ = {isa = PBXBuildFile; fileRef = 0DA0CF25295CC49400B25061 /* EndPoint.swift */; };
		0DA0CF28295CC73500B25061 /* Dictionary+Extension.swift in Sources */ = {isa = PBXBuildFile; fileRef = 0DA0CF27295CC73500B25061 /* Dictionary+Extension.swift */; };
		0DA0CF2A295CC76000B25061 /* CharacterSet+Extension.swift in Sources */ = {isa = PBXBuildFile; fileRef = 0DA0CF29295CC75F00B25061 /* CharacterSet+Extension.swift */; };
		0DA0CF2C295CC8F600B25061 /* PeopleResponse.swift in Sources */ = {isa = PBXBuildFile; fileRef = 0DA0CF2B295CC8F600B25061 /* PeopleResponse.swift */; };
		0DA0CF2F295CCB2B00B25061 /* GenderType.swift in Sources */ = {isa = PBXBuildFile; fileRef = 0DA0CF2E295CCB2B00B25061 /* GenderType.swift */; };
		0DA0CF31295CCB5600B25061 /* People.swift in Sources */ = {isa = PBXBuildFile; fileRef = 0DA0CF30295CCB5500B25061 /* People.swift */; };
		0DA0CF33295CCD1A00B25061 /* PlanetsResponse.swift in Sources */ = {isa = PBXBuildFile; fileRef = 0DA0CF32295CCD1A00B25061 /* PlanetsResponse.swift */; };
		0DA0CF35295CCD8F00B25061 /* Planet.swift in Sources */ = {isa = PBXBuildFile; fileRef = 0DA0CF34295CCD8F00B25061 /* Planet.swift */; };
		0DA0CF37295CE25D00B25061 /* StarShipResponse.swift in Sources */ = {isa = PBXBuildFile; fileRef = 0DA0CF36295CE25C00B25061 /* StarShipResponse.swift */; };
		0DA0CF39295CE2D600B25061 /* StarShip.swift in Sources */ = {isa = PBXBuildFile; fileRef = 0DA0CF38295CE2D600B25061 /* StarShip.swift */; };
/* End PBXBuildFile section */

/* Begin PBXFileReference section */
		0D0240232961B5170082287B /* PlanetTableViewCell.swift */ = {isa = PBXFileReference; lastKnownFileType = sourcecode.swift; path = PlanetTableViewCell.swift; sourceTree = "<group>"; };
		0D0240272961B6660082287B /* NibCapable+Extension.swift */ = {isa = PBXFileReference; lastKnownFileType = sourcecode.swift; path = "NibCapable+Extension.swift"; sourceTree = "<group>"; };
		0D0240292961B69F0082287B /* PlanetView.swift */ = {isa = PBXFileReference; lastKnownFileType = sourcecode.swift; path = PlanetView.swift; sourceTree = "<group>"; };
		0D02402B2961B8EE0082287B /* UIImage+Extension.swift */ = {isa = PBXFileReference; lastKnownFileType = sourcecode.swift; path = "UIImage+Extension.swift"; sourceTree = "<group>"; };
		0D02402D2961B9110082287B /* ImageNameType.swift */ = {isa = PBXFileReference; lastKnownFileType = sourcecode.swift; path = ImageNameType.swift; sourceTree = "<group>"; };
		0D02402F2961DF270082287B /* UITableView+Extension.swift */ = {isa = PBXFileReference; lastKnownFileType = sourcecode.swift; path = "UITableView+Extension.swift"; sourceTree = "<group>"; };
		0D024031296209D20082287B /* ContainerTableView.swift */ = {isa = PBXFileReference; lastKnownFileType = sourcecode.swift; path = ContainerTableView.swift; sourceTree = "<group>"; };
		0D024033296219BB0082287B /* UIScrollView+Extension.swift */ = {isa = PBXFileReference; lastKnownFileType = sourcecode.swift; path = "UIScrollView+Extension.swift"; sourceTree = "<group>"; };
		0D024035296219F80082287B /* DirectionType.swift */ = {isa = PBXFileReference; lastKnownFileType = sourcecode.swift; path = DirectionType.swift; sourceTree = "<group>"; };
		0D024037296305B10082287B /* ClimateType.swift */ = {isa = PBXFileReference; lastKnownFileType = sourcecode.swift; path = ClimateType.swift; sourceTree = "<group>"; };
		0D024039296310760082287B /* StarShipModelType.swift */ = {isa = PBXFileReference; lastKnownFileType = sourcecode.swift; path = StarShipModelType.swift; sourceTree = "<group>"; };
		0D299410295A2A990067ABC2 /* StarWarsUniverse.app */ = {isa = PBXFileReference; explicitFileType = wrapper.application; includeInIndex = 0; path = StarWarsUniverse.app; sourceTree = BUILT_PRODUCTS_DIR; };
		0D299413295A2A990067ABC2 /* AppDelegate.swift */ = {isa = PBXFileReference; lastKnownFileType = sourcecode.swift; path = AppDelegate.swift; sourceTree = "<group>"; };
		0D299415295A2A990067ABC2 /* SceneDelegate.swift */ = {isa = PBXFileReference; lastKnownFileType = sourcecode.swift; path = SceneDelegate.swift; sourceTree = "<group>"; };
		0D299417295A2A990067ABC2 /* MainViewController.swift */ = {isa = PBXFileReference; lastKnownFileType = sourcecode.swift; path = MainViewController.swift; sourceTree = "<group>"; };
		0D29941C295A2A9C0067ABC2 /* Assets.xcassets */ = {isa = PBXFileReference; lastKnownFileType = folder.assetcatalog; path = Assets.xcassets; sourceTree = "<group>"; };
		0D29941F295A2A9C0067ABC2 /* Base */ = {isa = PBXFileReference; lastKnownFileType = file.storyboard; name = Base; path = Base.lproj/LaunchScreen.storyboard; sourceTree = "<group>"; };
		0D299421295A2A9C0067ABC2 /* Info.plist */ = {isa = PBXFileReference; lastKnownFileType = text.plist.xml; path = Info.plist; sourceTree = "<group>"; };
		0D72205E29674E2700FB7402 /* UIViewController+Extension.swift */ = {isa = PBXFileReference; lastKnownFileType = sourcecode.swift; path = "UIViewController+Extension.swift"; sourceTree = "<group>"; };
		0D72206029674EA600FB7402 /* PresenterTableViewAlertView.swift */ = {isa = PBXFileReference; lastKnownFileType = sourcecode.swift; path = PresenterTableViewAlertView.swift; sourceTree = "<group>"; };
		0D7220642967639400FB7402 /* LabelTableViewCell.swift */ = {isa = PBXFileReference; lastKnownFileType = sourcecode.swift; path = LabelTableViewCell.swift; sourceTree = "<group>"; };
		0D72206A2968496A00FB7402 /* ActivityView.swift */ = {isa = PBXFileReference; lastKnownFileType = sourcecode.swift; path = ActivityView.swift; sourceTree = "<group>"; };
		0DA0CEFA295B7DCD00B25061 /* MainViewModel.swift */ = {isa = PBXFileReference; lastKnownFileType = sourcecode.swift; path = MainViewModel.swift; sourceTree = "<group>"; };
		0DA0CEFC295B7EAF00B25061 /* MainSection.swift */ = {isa = PBXFileReference; lastKnownFileType = sourcecode.swift; path = MainSection.swift; sourceTree = "<group>"; };
		0DA0CEFE295B7FEF00B25061 /* StarWarsCellModel.swift */ = {isa = PBXFileReference; lastKnownFileType = sourcecode.swift; path = StarWarsCellModel.swift; sourceTree = "<group>"; };
		0DA0CF01295B816900B25061 /* FilterType.swift */ = {isa = PBXFileReference; lastKnownFileType = sourcecode.swift; path = FilterType.swift; sourceTree = "<group>"; };
		0DA0CF03295B86F800B25061 /* MainView.swift */ = {isa = PBXFileReference; lastKnownFileType = sourcecode.swift; path = MainView.swift; sourceTree = "<group>"; };
		0DA0CF05295B87D900B25061 /* UIView+Extension.swift */ = {isa = PBXFileReference; lastKnownFileType = sourcecode.swift; path = "UIView+Extension.swift"; sourceTree = "<group>"; };
		0DA0CF07295C8F9D00B25061 /* UIStackView+Extension.swift */ = {isa = PBXFileReference; lastKnownFileType = sourcecode.swift; path = "UIStackView+Extension.swift"; sourceTree = "<group>"; };
		0DA0CF0D295C904C00B25061 /* UIFont+Extension.swift */ = {isa = PBXFileReference; lastKnownFileType = sourcecode.swift; path = "UIFont+Extension.swift"; sourceTree = "<group>"; };
		0DA0CF0F295C912200B25061 /* Montserrat-Black.ttf */ = {isa = PBXFileReference; lastKnownFileType = file; path = "Montserrat-Black.ttf"; sourceTree = "<group>"; };
		0DA0CF11295C913100B25061 /* Montserrat-Bold.ttf */ = {isa = PBXFileReference; lastKnownFileType = file; path = "Montserrat-Bold.ttf"; sourceTree = "<group>"; };
		0DA0CF13295C913C00B25061 /* Montserrat-ExtraBold.ttf */ = {isa = PBXFileReference; lastKnownFileType = file; path = "Montserrat-ExtraBold.ttf"; sourceTree = "<group>"; };
		0DA0CF15295C914C00B25061 /* Montserrat-Regular.ttf */ = {isa = PBXFileReference; lastKnownFileType = file; path = "Montserrat-Regular.ttf"; sourceTree = "<group>"; };
		0DA0CF17295C915B00B25061 /* Montserrat-SemiBold.ttf */ = {isa = PBXFileReference; lastKnownFileType = file; path = "Montserrat-SemiBold.ttf"; sourceTree = "<group>"; };
		0DA0CF1C295CC28800B25061 /* NetworkRequestManager.swift */ = {isa = PBXFileReference; lastKnownFileType = sourcecode.swift; path = NetworkRequestManager.swift; sourceTree = "<group>"; };
		0DA0CF1E295CC33000B25061 /* ApiError.swift */ = {isa = PBXFileReference; lastKnownFileType = sourcecode.swift; path = ApiError.swift; sourceTree = "<group>"; };
		0DA0CF21295CC41400B25061 /* StarWarsService.swift */ = {isa = PBXFileReference; lastKnownFileType = sourcecode.swift; path = StarWarsService.swift; sourceTree = "<group>"; };
		0DA0CF23295CC46500B25061 /* ApiRequest.swift */ = {isa = PBXFileReference; lastKnownFileType = sourcecode.swift; path = ApiRequest.swift; sourceTree = "<group>"; };
		0DA0CF25295CC49400B25061 /* EndPoint.swift */ = {isa = PBXFileReference; lastKnownFileType = sourcecode.swift; path = EndPoint.swift; sourceTree = "<group>"; };
		0DA0CF27295CC73500B25061 /* Dictionary+Extension.swift */ = {isa = PBXFileReference; lastKnownFileType = sourcecode.swift; path = "Dictionary+Extension.swift"; sourceTree = "<group>"; };
		0DA0CF29295CC75F00B25061 /* CharacterSet+Extension.swift */ = {isa = PBXFileReference; lastKnownFileType = sourcecode.swift; path = "CharacterSet+Extension.swift"; sourceTree = "<group>"; };
		0DA0CF2B295CC8F600B25061 /* PeopleResponse.swift */ = {isa = PBXFileReference; lastKnownFileType = sourcecode.swift; path = PeopleResponse.swift; sourceTree = "<group>"; };
		0DA0CF2E295CCB2B00B25061 /* GenderType.swift */ = {isa = PBXFileReference; lastKnownFileType = sourcecode.swift; path = GenderType.swift; sourceTree = "<group>"; };
		0DA0CF30295CCB5500B25061 /* People.swift */ = {isa = PBXFileReference; lastKnownFileType = sourcecode.swift; path = People.swift; sourceTree = "<group>"; };
		0DA0CF32295CCD1A00B25061 /* PlanetsResponse.swift */ = {isa = PBXFileReference; lastKnownFileType = sourcecode.swift; path = PlanetsResponse.swift; sourceTree = "<group>"; };
		0DA0CF34295CCD8F00B25061 /* Planet.swift */ = {isa = PBXFileReference; lastKnownFileType = sourcecode.swift; path = Planet.swift; sourceTree = "<group>"; };
		0DA0CF36295CE25C00B25061 /* StarShipResponse.swift */ = {isa = PBXFileReference; lastKnownFileType = sourcecode.swift; path = StarShipResponse.swift; sourceTree = "<group>"; };
		0DA0CF38295CE2D600B25061 /* StarShip.swift */ = {isa = PBXFileReference; lastKnownFileType = sourcecode.swift; path = StarShip.swift; sourceTree = "<group>"; };
/* End PBXFileReference section */

/* Begin PBXFrameworksBuildPhase section */
		0D29940D295A2A990067ABC2 /* Frameworks */ = {
			isa = PBXFrameworksBuildPhase;
			buildActionMask = 2147483647;
			files = (
			);
			runOnlyForDeploymentPostprocessing = 0;
		};
/* End PBXFrameworksBuildPhase section */

/* Begin PBXGroup section */
		0D0240252961B51D0082287B /* Cells */ = {
			isa = PBXGroup;
			children = (
				0D0240262961B5290082287B /* TableViewCells */,
			);
			path = Cells;
			sourceTree = "<group>";
		};
		0D0240262961B5290082287B /* TableViewCells */ = {
			isa = PBXGroup;
			children = (
				0D0240232961B5170082287B /* PlanetTableViewCell.swift */,
				0D7220642967639400FB7402 /* LabelTableViewCell.swift */,
			);
			path = TableViewCells;
			sourceTree = "<group>";
		};
		0D299407295A2A990067ABC2 = {
			isa = PBXGroup;
			children = (
				0D299412295A2A990067ABC2 /* StarWarsUniverse */,
				0D299411295A2A990067ABC2 /* Products */,
			);
			sourceTree = "<group>";
		};
		0D299411295A2A990067ABC2 /* Products */ = {
			isa = PBXGroup;
			children = (
				0D299410295A2A990067ABC2 /* StarWarsUniverse.app */,
			);
			name = Products;
			sourceTree = "<group>";
		};
		0D299412295A2A990067ABC2 /* StarWarsUniverse */ = {
			isa = PBXGroup;
			children = (
				0DA0CF00295B809500B25061 /* Presentation */,
				0DA0CF1B295CC1F200B25061 /* Common */,
				0DAA9FEA295A364D0003B501 /* SuportingFiles */,
				0D299421295A2A9C0067ABC2 /* Info.plist */,
			);
			path = StarWarsUniverse;
			sourceTree = "<group>";
		};
		0DA0CF00295B809500B25061 /* Presentation */ = {
			isa = PBXGroup;
			children = (
				0D299417295A2A990067ABC2 /* MainViewController.swift */,
				0DA0CF1A295C92D900B25061 /* ViewModels */,
				0DA0CF0B295C8FDC00B25061 /* Views */,
				0D0240252961B51D0082287B /* Cells */,
			);
			path = Presentation;
			sourceTree = "<group>";
		};
		0DA0CF09295C8FB800B25061 /* Extensions */ = {
			isa = PBXGroup;
			children = (
				0DA0CF29295CC75F00B25061 /* CharacterSet+Extension.swift */,
				0DA0CF05295B87D900B25061 /* UIView+Extension.swift */,
				0DA0CF07295C8F9D00B25061 /* UIStackView+Extension.swift */,
				0DA0CF0D295C904C00B25061 /* UIFont+Extension.swift */,
				0DA0CF27295CC73500B25061 /* Dictionary+Extension.swift */,
				0D0240272961B6660082287B /* NibCapable+Extension.swift */,
				0D02402B2961B8EE0082287B /* UIImage+Extension.swift */,
				0D02402F2961DF270082287B /* UITableView+Extension.swift */,
				0D024033296219BB0082287B /* UIScrollView+Extension.swift */,
				0D72205E29674E2700FB7402 /* UIViewController+Extension.swift */,
			);
			path = Extensions;
			sourceTree = "<group>";
		};
		0DA0CF0A295C8FCC00B25061 /* Models */ = {
			isa = PBXGroup;
			children = (
				0DA0CEFE295B7FEF00B25061 /* StarWarsCellModel.swift */,
				0DA0CF30295CCB5500B25061 /* People.swift */,
				0DA0CF34295CCD8F00B25061 /* Planet.swift */,
				0DA0CF38295CE2D600B25061 /* StarShip.swift */,
			);
			path = Models;
			sourceTree = "<group>";
		};
		0DA0CF0B295C8FDC00B25061 /* Views */ = {
			isa = PBXGroup;
			children = (
				0DA0CF03295B86F800B25061 /* MainView.swift */,
				0D0240292961B69F0082287B /* PlanetView.swift */,
				0D024031296209D20082287B /* ContainerTableView.swift */,
				0D72206029674EA600FB7402 /* PresenterTableViewAlertView.swift */,
				0D72206A2968496A00FB7402 /* ActivityView.swift */,
			);
			path = Views;
			sourceTree = "<group>";
		};
		0DA0CF0C295C8FE600B25061 /* Utilities */ = {
			isa = PBXGroup;
			children = (
				0DA0CF1E295CC33000B25061 /* ApiError.swift */,
				0DA0CF01295B816900B25061 /* FilterType.swift */,
				0DA0CF2E295CCB2B00B25061 /* GenderType.swift */,
				0DA0CF25295CC49400B25061 /* EndPoint.swift */,
				0D02402D2961B9110082287B /* ImageNameType.swift */,
				0D024035296219F80082287B /* DirectionType.swift */,
				0D024037296305B10082287B /* ClimateType.swift */,
				0D024039296310760082287B /* StarShipModelType.swift */,
			);
			path = Utilities;
			sourceTree = "<group>";
		};
		0DA0CF19295C916800B25061 /* Fonts */ = {
			isa = PBXGroup;
			children = (
				0DA0CF11295C913100B25061 /* Montserrat-Bold.ttf */,
				0DA0CF13295C913C00B25061 /* Montserrat-ExtraBold.ttf */,
				0DA0CF15295C914C00B25061 /* Montserrat-Regular.ttf */,
				0DA0CF17295C915B00B25061 /* Montserrat-SemiBold.ttf */,
				0DA0CF0F295C912200B25061 /* Montserrat-Black.ttf */,
			);
			path = Fonts;
			sourceTree = "<group>";
		};
		0DA0CF1A295C92D900B25061 /* ViewModels */ = {
			isa = PBXGroup;
			children = (
				0DA0CEFC295B7EAF00B25061 /* MainSection.swift */,
				0DA0CEFA295B7DCD00B25061 /* MainViewModel.swift */,
			);
			path = ViewModels;
			sourceTree = "<group>";
		};
		0DA0CF1B295CC1F200B25061 /* Common */ = {
			isa = PBXGroup;
			children = (
				0DA0CF0A295C8FCC00B25061 /* Models */,
				0DA0CF0C295C8FE600B25061 /* Utilities */,
				0DA0CF09295C8FB800B25061 /* Extensions */,
				0DA0CF19295C916800B25061 /* Fonts */,
				0DA0CF20295CC37400B25061 /* Networking */,
			);
			path = Common;
			sourceTree = "<group>";
		};
		0DA0CF20295CC37400B25061 /* Networking */ = {
			isa = PBXGroup;
			children = (
				0DA0CF1C295CC28800B25061 /* NetworkRequestManager.swift */,
				0DA0CF21295CC41400B25061 /* StarWarsService.swift */,
				0DA0CF23295CC46500B25061 /* ApiRequest.swift */,
				0DA0CF2D295CC93800B25061 /* Responses */,
			);
			path = Networking;
			sourceTree = "<group>";
		};
		0DA0CF2D295CC93800B25061 /* Responses */ = {
			isa = PBXGroup;
			children = (
				0DA0CF2B295CC8F600B25061 /* PeopleResponse.swift */,
				0DA0CF32295CCD1A00B25061 /* PlanetsResponse.swift */,
				0DA0CF36295CE25C00B25061 /* StarShipResponse.swift */,
			);
			path = Responses;
			sourceTree = "<group>";
		};
		0DAA9FEA295A364D0003B501 /* SuportingFiles */ = {
			isa = PBXGroup;
			children = (
				0D299413295A2A990067ABC2 /* AppDelegate.swift */,
				0D299415295A2A990067ABC2 /* SceneDelegate.swift */,
				0D29941C295A2A9C0067ABC2 /* Assets.xcassets */,
				0D29941E295A2A9C0067ABC2 /* LaunchScreen.storyboard */,
			);
			path = SuportingFiles;
			sourceTree = "<group>";
		};
/* End PBXGroup section */

/* Begin PBXNativeTarget section */
		0D29940F295A2A990067ABC2 /* StarWarsUniverse */ = {
			isa = PBXNativeTarget;
			buildConfigurationList = 0D299424295A2A9C0067ABC2 /* Build configuration list for PBXNativeTarget "StarWarsUniverse" */;
			buildPhases = (
				0D29940C295A2A990067ABC2 /* Sources */,
				0D29940D295A2A990067ABC2 /* Frameworks */,
				0D29940E295A2A990067ABC2 /* Resources */,
				0DAA9FE9295A32950003B501 /* SwiftLint */,
			);
			buildRules = (
			);
			dependencies = (
			);
			name = StarWarsUniverse;
			productName = StarWarsUniverse;
			productReference = 0D299410295A2A990067ABC2 /* StarWarsUniverse.app */;
			productType = "com.apple.product-type.application";
		};
/* End PBXNativeTarget section */

/* Begin PBXProject section */
		0D299408295A2A990067ABC2 /* Project object */ = {
			isa = PBXProject;
			attributes = {
				BuildIndependentTargetsInParallel = 1;
				LastSwiftUpdateCheck = 1420;
				LastUpgradeCheck = 1420;
				TargetAttributes = {
					0D29940F295A2A990067ABC2 = {
						CreatedOnToolsVersion = 14.2;
					};
				};
			};
			buildConfigurationList = 0D29940B295A2A990067ABC2 /* Build configuration list for PBXProject "StarWarsUniverse" */;
			compatibilityVersion = "Xcode 14.0";
			developmentRegion = en;
			hasScannedForEncodings = 0;
			knownRegions = (
				en,
				Base,
			);
			mainGroup = 0D299407295A2A990067ABC2;
			productRefGroup = 0D299411295A2A990067ABC2 /* Products */;
			projectDirPath = "";
			projectRoot = "";
			targets = (
				0D29940F295A2A990067ABC2 /* StarWarsUniverse */,
			);
		};
/* End PBXProject section */

/* Begin PBXResourcesBuildPhase section */
		0D29940E295A2A990067ABC2 /* Resources */ = {
			isa = PBXResourcesBuildPhase;
			buildActionMask = 2147483647;
			files = (
				0DA0CF16295C914C00B25061 /* Montserrat-Regular.ttf in Resources */,
				0DA0CF14295C913C00B25061 /* Montserrat-ExtraBold.ttf in Resources */,
				0DA0CF12295C913200B25061 /* Montserrat-Bold.ttf in Resources */,
				0DA0CF18295C915B00B25061 /* Montserrat-SemiBold.ttf in Resources */,
				0D299420295A2A9C0067ABC2 /* LaunchScreen.storyboard in Resources */,
				0D29941D295A2A9C0067ABC2 /* Assets.xcassets in Resources */,
				0DA0CF10295C912200B25061 /* Montserrat-Black.ttf in Resources */,
			);
			runOnlyForDeploymentPostprocessing = 0;
		};
/* End PBXResourcesBuildPhase section */

/* Begin PBXShellScriptBuildPhase section */
		0DAA9FE9295A32950003B501 /* SwiftLint */ = {
			isa = PBXShellScriptBuildPhase;
			buildActionMask = 2147483647;
			files = (
			);
			inputFileListPaths = (
			);
			inputPaths = (
			);
			name = SwiftLint;
			outputFileListPaths = (
			);
			outputPaths = (
			);
			runOnlyForDeploymentPostprocessing = 0;
			shellPath = /bin/sh;
			shellScript = "if which swiftlint >/dev/null; then\n  swiftlint\nelse\n  echo \"warning: SwiftLint not installed, download from https://github.com/realm/SwiftLint\"\nfi\n";
		};
/* End PBXShellScriptBuildPhase section */

/* Begin PBXSourcesBuildPhase section */
		0D29940C295A2A990067ABC2 /* Sources */ = {
			isa = PBXSourcesBuildPhase;
			buildActionMask = 2147483647;
			files = (
				0DA0CF02295B816900B25061 /* FilterType.swift in Sources */,
				0D024034296219BB0082287B /* UIScrollView+Extension.swift in Sources */,
				0DA0CF04295B86F800B25061 /* MainView.swift in Sources */,
				0D299418295A2A990067ABC2 /* MainViewController.swift in Sources */,
				0DA0CF08295C8F9D00B25061 /* UIStackView+Extension.swift in Sources */,
				0DA0CF1D295CC28800B25061 /* NetworkRequestManager.swift in Sources */,
				0D299414295A2A990067ABC2 /* AppDelegate.swift in Sources */,
				0D02403A296310760082287B /* StarShipModelType.swift in Sources */,
				0DA0CF35295CCD8F00B25061 /* Planet.swift in Sources */,
				0D0240242961B5170082287B /* PlanetTableViewCell.swift in Sources */,
				0DA0CEFF295B7FEF00B25061 /* StarWarsCellModel.swift in Sources */,
				0DA0CF2C295CC8F600B25061 /* PeopleResponse.swift in Sources */,
				0DA0CF28295CC73500B25061 /* Dictionary+Extension.swift in Sources */,
				0D72206B2968496A00FB7402 /* ActivityView.swift in Sources */,
				0DA0CF06295B87D900B25061 /* UIView+Extension.swift in Sources */,
				0D024038296305B10082287B /* ClimateType.swift in Sources */,
				0DA0CF37295CE25D00B25061 /* StarShipResponse.swift in Sources */,
				0DA0CF24295CC46500B25061 /* ApiRequest.swift in Sources */,
				0DA0CF22295CC41400B25061 /* StarWarsService.swift in Sources */,
				0DA0CF26295CC49400B25061 /* EndPoint.swift in Sources */,
				0D0240282961B6660082287B /* NibCapable+Extension.swift in Sources */,
				0DA0CF31295CCB5600B25061 /* People.swift in Sources */,
				0D02402E2961B9110082287B /* ImageNameType.swift in Sources */,
				0D72205F29674E2700FB7402 /* UIViewController+Extension.swift in Sources */,
				0D7220652967639400FB7402 /* LabelTableViewCell.swift in Sources */,
				0D02402A2961B69F0082287B /* PlanetView.swift in Sources */,
				0DA0CF33295CCD1A00B25061 /* PlanetsResponse.swift in Sources */,
				0D299416295A2A990067ABC2 /* SceneDelegate.swift in Sources */,
				0DA0CF39295CE2D600B25061 /* StarShip.swift in Sources */,
				0D02402C2961B8EE0082287B /* UIImage+Extension.swift in Sources */,
				0D0240302961DF270082287B /* UITableView+Extension.swift in Sources */,
				0D024032296209D20082287B /* ContainerTableView.swift in Sources */,
				0D72206129674EA600FB7402 /* PresenterTableViewAlertView.swift in Sources */,
				0D024036296219F80082287B /* DirectionType.swift in Sources */,
				0DA0CEFD295B7EB000B25061 /* MainSection.swift in Sources */,
				0DA0CEFB295B7DCD00B25061 /* MainViewModel.swift in Sources */,
				0DA0CF2F295CCB2B00B25061 /* GenderType.swift in Sources */,
				0DA0CF1F295CC33000B25061 /* ApiError.swift in Sources */,
				0DA0CF2A295CC76000B25061 /* CharacterSet+Extension.swift in Sources */,
				0DA0CF0E295C904C00B25061 /* UIFont+Extension.swift in Sources */,
			);
			runOnlyForDeploymentPostprocessing = 0;
		};
/* End PBXSourcesBuildPhase section */

/* Begin PBXVariantGroup section */
		0D29941E295A2A9C0067ABC2 /* LaunchScreen.storyboard */ = {
			isa = PBXVariantGroup;
			children = (
				0D29941F295A2A9C0067ABC2 /* Base */,
			);
			name = LaunchScreen.storyboard;
			sourceTree = "<group>";
		};
/* End PBXVariantGroup section */

/* Begin XCBuildConfiguration section */
		0D299422295A2A9C0067ABC2 /* Debug */ = {
			isa = XCBuildConfiguration;
			buildSettings = {
				ALWAYS_SEARCH_USER_PATHS = NO;
				CLANG_ANALYZER_NONNULL = YES;
				CLANG_ANALYZER_NUMBER_OBJECT_CONVERSION = YES_AGGRESSIVE;
				CLANG_CXX_LANGUAGE_STANDARD = "gnu++20";
				CLANG_ENABLE_MODULES = YES;
				CLANG_ENABLE_OBJC_ARC = YES;
				CLANG_ENABLE_OBJC_WEAK = YES;
				CLANG_WARN_BLOCK_CAPTURE_AUTORELEASING = YES;
				CLANG_WARN_BOOL_CONVERSION = YES;
				CLANG_WARN_COMMA = YES;
				CLANG_WARN_CONSTANT_CONVERSION = YES;
				CLANG_WARN_DEPRECATED_OBJC_IMPLEMENTATIONS = YES;
				CLANG_WARN_DIRECT_OBJC_ISA_USAGE = YES_ERROR;
				CLANG_WARN_DOCUMENTATION_COMMENTS = YES;
				CLANG_WARN_EMPTY_BODY = YES;
				CLANG_WARN_ENUM_CONVERSION = YES;
				CLANG_WARN_INFINITE_RECURSION = YES;
				CLANG_WARN_INT_CONVERSION = YES;
				CLANG_WARN_NON_LITERAL_NULL_CONVERSION = YES;
				CLANG_WARN_OBJC_IMPLICIT_RETAIN_SELF = YES;
				CLANG_WARN_OBJC_LITERAL_CONVERSION = YES;
				CLANG_WARN_OBJC_ROOT_CLASS = YES_ERROR;
				CLANG_WARN_QUOTED_INCLUDE_IN_FRAMEWORK_HEADER = YES;
				CLANG_WARN_RANGE_LOOP_ANALYSIS = YES;
				CLANG_WARN_STRICT_PROTOTYPES = YES;
				CLANG_WARN_SUSPICIOUS_MOVE = YES;
				CLANG_WARN_UNGUARDED_AVAILABILITY = YES_AGGRESSIVE;
				CLANG_WARN_UNREACHABLE_CODE = YES;
				CLANG_WARN__DUPLICATE_METHOD_MATCH = YES;
				COPY_PHASE_STRIP = NO;
				DEBUG_INFORMATION_FORMAT = dwarf;
				ENABLE_STRICT_OBJC_MSGSEND = YES;
				ENABLE_TESTABILITY = YES;
				GCC_C_LANGUAGE_STANDARD = gnu11;
				GCC_DYNAMIC_NO_PIC = NO;
				GCC_NO_COMMON_BLOCKS = YES;
				GCC_OPTIMIZATION_LEVEL = 0;
				GCC_PREPROCESSOR_DEFINITIONS = (
					"DEBUG=1",
					"$(inherited)",
				);
				GCC_WARN_64_TO_32_BIT_CONVERSION = YES;
				GCC_WARN_ABOUT_RETURN_TYPE = YES_ERROR;
				GCC_WARN_UNDECLARED_SELECTOR = YES;
				GCC_WARN_UNINITIALIZED_AUTOS = YES_AGGRESSIVE;
				GCC_WARN_UNUSED_FUNCTION = YES;
				GCC_WARN_UNUSED_VARIABLE = YES;
				IPHONEOS_DEPLOYMENT_TARGET = 16.2;
				MTL_ENABLE_DEBUG_INFO = INCLUDE_SOURCE;
				MTL_FAST_MATH = YES;
				ONLY_ACTIVE_ARCH = YES;
				SDKROOT = iphoneos;
				SWIFT_ACTIVE_COMPILATION_CONDITIONS = DEBUG;
				SWIFT_OPTIMIZATION_LEVEL = "-Onone";
			};
			name = Debug;
		};
		0D299423295A2A9C0067ABC2 /* Release */ = {
			isa = XCBuildConfiguration;
			buildSettings = {
				ALWAYS_SEARCH_USER_PATHS = NO;
				CLANG_ANALYZER_NONNULL = YES;
				CLANG_ANALYZER_NUMBER_OBJECT_CONVERSION = YES_AGGRESSIVE;
				CLANG_CXX_LANGUAGE_STANDARD = "gnu++20";
				CLANG_ENABLE_MODULES = YES;
				CLANG_ENABLE_OBJC_ARC = YES;
				CLANG_ENABLE_OBJC_WEAK = YES;
				CLANG_WARN_BLOCK_CAPTURE_AUTORELEASING = YES;
				CLANG_WARN_BOOL_CONVERSION = YES;
				CLANG_WARN_COMMA = YES;
				CLANG_WARN_CONSTANT_CONVERSION = YES;
				CLANG_WARN_DEPRECATED_OBJC_IMPLEMENTATIONS = YES;
				CLANG_WARN_DIRECT_OBJC_ISA_USAGE = YES_ERROR;
				CLANG_WARN_DOCUMENTATION_COMMENTS = YES;
				CLANG_WARN_EMPTY_BODY = YES;
				CLANG_WARN_ENUM_CONVERSION = YES;
				CLANG_WARN_INFINITE_RECURSION = YES;
				CLANG_WARN_INT_CONVERSION = YES;
				CLANG_WARN_NON_LITERAL_NULL_CONVERSION = YES;
				CLANG_WARN_OBJC_IMPLICIT_RETAIN_SELF = YES;
				CLANG_WARN_OBJC_LITERAL_CONVERSION = YES;
				CLANG_WARN_OBJC_ROOT_CLASS = YES_ERROR;
				CLANG_WARN_QUOTED_INCLUDE_IN_FRAMEWORK_HEADER = YES;
				CLANG_WARN_RANGE_LOOP_ANALYSIS = YES;
				CLANG_WARN_STRICT_PROTOTYPES = YES;
				CLANG_WARN_SUSPICIOUS_MOVE = YES;
				CLANG_WARN_UNGUARDED_AVAILABILITY = YES_AGGRESSIVE;
				CLANG_WARN_UNREACHABLE_CODE = YES;
				CLANG_WARN__DUPLICATE_METHOD_MATCH = YES;
				COPY_PHASE_STRIP = NO;
				DEBUG_INFORMATION_FORMAT = "dwarf-with-dsym";
				ENABLE_NS_ASSERTIONS = NO;
				ENABLE_STRICT_OBJC_MSGSEND = YES;
				GCC_C_LANGUAGE_STANDARD = gnu11;
				GCC_NO_COMMON_BLOCKS = YES;
				GCC_WARN_64_TO_32_BIT_CONVERSION = YES;
				GCC_WARN_ABOUT_RETURN_TYPE = YES_ERROR;
				GCC_WARN_UNDECLARED_SELECTOR = YES;
				GCC_WARN_UNINITIALIZED_AUTOS = YES_AGGRESSIVE;
				GCC_WARN_UNUSED_FUNCTION = YES;
				GCC_WARN_UNUSED_VARIABLE = YES;
				IPHONEOS_DEPLOYMENT_TARGET = 16.2;
				MTL_ENABLE_DEBUG_INFO = NO;
				MTL_FAST_MATH = YES;
				SDKROOT = iphoneos;
				SWIFT_COMPILATION_MODE = wholemodule;
				SWIFT_OPTIMIZATION_LEVEL = "-O";
				VALIDATE_PRODUCT = YES;
			};
			name = Release;
		};
		0D299425295A2A9C0067ABC2 /* Debug */ = {
			isa = XCBuildConfiguration;
			buildSettings = {
				ASSETCATALOG_COMPILER_APPICON_NAME = AppIcon;
				ASSETCATALOG_COMPILER_GLOBAL_ACCENT_COLOR_NAME = AccentColor;
				CODE_SIGN_STYLE = Automatic;
				CURRENT_PROJECT_VERSION = 1;
				DEVELOPMENT_TEAM = 6Z5CWU22LN;
				GENERATE_INFOPLIST_FILE = YES;
				INFOPLIST_FILE = StarWarsUniverse/Info.plist;
				INFOPLIST_KEY_UIApplicationSupportsIndirectInputEvents = YES;
				INFOPLIST_KEY_UILaunchStoryboardName = LaunchScreen;
				INFOPLIST_KEY_UIMainStoryboardFile = "";
				INFOPLIST_KEY_UISupportedInterfaceOrientations = UIInterfaceOrientationPortrait;
				INFOPLIST_KEY_UIUserInterfaceStyle = Light;
				IPHONEOS_DEPLOYMENT_TARGET = 15.0;
				LD_RUNPATH_SEARCH_PATHS = (
					"$(inherited)",
					"@executable_path/Frameworks",
				);
				MARKETING_VERSION = 1.0.0;
				PRODUCT_BUNDLE_IDENTIFIER = com.markov.StarWarsUniverse;
				PRODUCT_NAME = "$(TARGET_NAME)";
				SWIFT_EMIT_LOC_STRINGS = YES;
				SWIFT_VERSION = 5.0;
				TARGETED_DEVICE_FAMILY = "1,2";
			};
			name = Debug;
		};
		0D299426295A2A9C0067ABC2 /* Release */ = {
			isa = XCBuildConfiguration;
			buildSettings = {
				ASSETCATALOG_COMPILER_APPICON_NAME = AppIcon;
				ASSETCATALOG_COMPILER_GLOBAL_ACCENT_COLOR_NAME = AccentColor;
				CODE_SIGN_STYLE = Automatic;
				CURRENT_PROJECT_VERSION = 1;
				DEVELOPMENT_TEAM = 6Z5CWU22LN;
				GENERATE_INFOPLIST_FILE = YES;
				INFOPLIST_FILE = StarWarsUniverse/Info.plist;
				INFOPLIST_KEY_UIApplicationSupportsIndirectInputEvents = YES;
				INFOPLIST_KEY_UILaunchStoryboardName = LaunchScreen;
				INFOPLIST_KEY_UIMainStoryboardFile = "";
				INFOPLIST_KEY_UISupportedInterfaceOrientations = UIInterfaceOrientationPortrait;
				INFOPLIST_KEY_UIUserInterfaceStyle = Light;
				IPHONEOS_DEPLOYMENT_TARGET = 15.0;
				LD_RUNPATH_SEARCH_PATHS = (
					"$(inherited)",
					"@executable_path/Frameworks",
				);
				MARKETING_VERSION = 1.0.0;
				PRODUCT_BUNDLE_IDENTIFIER = com.markov.StarWarsUniverse;
				PRODUCT_NAME = "$(TARGET_NAME)";
				SWIFT_EMIT_LOC_STRINGS = YES;
				SWIFT_VERSION = 5.0;
				TARGETED_DEVICE_FAMILY = "1,2";
			};
			name = Release;
		};
/* End XCBuildConfiguration section */

/* Begin XCConfigurationList section */
		0D29940B295A2A990067ABC2 /* Build configuration list for PBXProject "StarWarsUniverse" */ = {
			isa = XCConfigurationList;
			buildConfigurations = (
				0D299422295A2A9C0067ABC2 /* Debug */,
				0D299423295A2A9C0067ABC2 /* Release */,
			);
			defaultConfigurationIsVisible = 0;
			defaultConfigurationName = Release;
		};
		0D299424295A2A9C0067ABC2 /* Build configuration list for PBXNativeTarget "StarWarsUniverse" */ = {
			isa = XCConfigurationList;
			buildConfigurations = (
				0D299425295A2A9C0067ABC2 /* Debug */,
				0D299426295A2A9C0067ABC2 /* Release */,
			);
			defaultConfigurationIsVisible = 0;
			defaultConfigurationName = Release;
		};
/* End XCConfigurationList section */
	};
	rootObject = 0D299408295A2A990067ABC2 /* Project object */;
}
